
Microsoft Visual Studio Solution File, Format Version 12.00
# Visual Studio 14
VisualStudioVersion = 14.0.25420.1
MinimumVisualStudioVersion = 10.0.40219.1
Project("{FAE04EC0-301F-11D3-BF4B-00C04F79EFBC}") = "FaceEmotionRecognition.Droid", "FaceEmotionRecognition\FaceEmotionRecognition.Droid\FaceEmotionRecognition.Droid.csproj", "{EBB342E1-2BF3-459A-84CD-49FC8328DBDE}"
EndProject
Project("{FAE04EC0-301F-11D3-BF4B-00C04F79EFBC}") = "FaceEmotionRecognition.iOS", "FaceEmotionRecognition\FaceEmotionRecognition.iOS\FaceEmotionRecognition.iOS.csproj", "{16CF0F78-E2B0-4718-A050-C968DC0D5C85}"
EndProject
Project("{FAE04EC0-301F-11D3-BF4B-00C04F79EFBC}") = "FaceEmotionRecognition.WinPhone", "FaceEmotionRecognition\FaceEmotionRecognition.WinPhone\FaceEmotionRecognition.WinPhone.csproj", "{AA9CB4A2-2C82-410E-A4E9-A492F02930B2}"
EndProject
Project("{FAE04EC0-301F-11D3-BF4B-00C04F79EFBC}") = "FaceEmotionRecognition.UWP", "FaceEmotionRecognition\FaceEmotionRecognition.UWP\FaceEmotionRecognition.UWP.csproj", "{408C8EE7-7E31-41B4-9C1E-D9FBFBF36046}"
EndProject
Project("{FAE04EC0-301F-11D3-BF4B-00C04F79EFBC}") = "FaceEmotionRecognition.Windows", "FaceEmotionRecognition\FaceEmotionRecognition.Windows\FaceEmotionRecognition.Windows.csproj", "{4E9888C1-FA26-46FF-B71E-94F9A45A0136}"
EndProject
Project("{FAE04EC0-301F-11D3-BF4B-00C04F79EFBC}") = "FaceEmotionRecognition", "FaceEmotionRecognition\FaceEmotionRecognition\FaceEmotionRecognition.csproj", "{90379E6F-7309-43DE-BD06-455DF0C1D9B1}"
EndProject
Global
	GlobalSection(SolutionConfigurationPlatforms) = preSolution
		Ad-Hoc|Any CPU = Ad-Hoc|Any CPU
		Ad-Hoc|ARM = Ad-Hoc|ARM
		Ad-Hoc|iPhone = Ad-Hoc|iPhone
		Ad-Hoc|iPhoneSimulator = Ad-Hoc|iPhoneSimulator
		Ad-Hoc|x64 = Ad-Hoc|x64
		Ad-Hoc|x86 = Ad-Hoc|x86
		AppStore|Any CPU = AppStore|Any CPU
		AppStore|ARM = AppStore|ARM
		AppStore|iPhone = AppStore|iPhone
		AppStore|iPhoneSimulator = AppStore|iPhoneSimulator
		AppStore|x64 = AppStore|x64
		AppStore|x86 = AppStore|x86
		Debug|Any CPU = Debug|Any CPU
		Debug|ARM = Debug|ARM
		Debug|iPhone = Debug|iPhone
		Debug|iPhoneSimulator = Debug|iPhoneSimulator
		Debug|x64 = Debug|x64
		Debug|x86 = Debug|x86
		Release|Any CPU = Release|Any CPU
		Release|ARM = Release|ARM
		Release|iPhone = Release|iPhone
		Release|iPhoneSimulator = Release|iPhoneSimulator
		Release|x64 = Release|x64
		Release|x86 = Release|x86
	EndGlobalSection
	GlobalSection(ProjectConfigurationPlatforms) = postSolution
		{EBB342E1-2BF3-459A-84CD-49FC8328DBDE}.Ad-Hoc|Any CPU.ActiveCfg = Release|Any CPU
		{EBB342E1-2BF3-459A-84CD-49FC8328DBDE}.Ad-Hoc|Any CPU.Build.0 = Release|Any CPU
		{EBB342E1-2BF3-459A-84CD-49FC8328DBDE}.Ad-Hoc|Any CPU.Deploy.0 = Release|Any CPU
		{EBB342E1-2BF3-459A-84CD-49FC8328DBDE}.Ad-Hoc|ARM.ActiveCfg = Release|Any CPU
		{EBB342E1-2BF3-459A-84CD-49FC8328DBDE}.Ad-Hoc|ARM.Build.0 = Release|Any CPU
		{EBB342E1-2BF3-459A-84CD-49FC8328DBDE}.Ad-Hoc|ARM.Deploy.0 = Release|Any CPU
		{EBB342E1-2BF3-459A-84CD-49FC8328DBDE}.Ad-Hoc|iPhone.ActiveCfg = Release|Any CPU
		{EBB342E1-2BF3-459A-84CD-49FC8328DBDE}.Ad-Hoc|iPhone.Build.0 = Release|Any CPU
		{EBB342E1-2BF3-459A-84CD-49FC8328DBDE}.Ad-Hoc|iPhone.Deploy.0 = Release|Any CPU
		{EBB342E1-2BF3-459A-84CD-49FC8328DBDE}.Ad-Hoc|iPhoneSimulator.ActiveCfg = Release|Any CPU
		{EBB342E1-2BF3-459A-84CD-49FC8328DBDE}.Ad-Hoc|iPhoneSimulator.Build.0 = Release|Any CPU
		{EBB342E1-2BF3-459A-84CD-49FC8328DBDE}.Ad-Hoc|iPhoneSimulator.Deploy.0 = Release|Any CPU
		{EBB342E1-2BF3-459A-84CD-49FC8328DBDE}.Ad-Hoc|x64.ActiveCfg = Release|Any CPU
		{EBB342E1-2BF3-459A-84CD-49FC8328DBDE}.Ad-Hoc|x64.Build.0 = Release|Any CPU
		{EBB342E1-2BF3-459A-84CD-49FC8328DBDE}.Ad-Hoc|x64.Deploy.0 = Release|Any CPU
		{EBB342E1-2BF3-459A-84CD-49FC8328DBDE}.Ad-Hoc|x86.ActiveCfg = Release|Any CPU
		{EBB342E1-2BF3-459A-84CD-49FC8328DBDE}.Ad-Hoc|x86.Build.0 = Release|Any CPU
		{EBB342E1-2BF3-459A-84CD-49FC8328DBDE}.Ad-Hoc|x86.Deploy.0 = Release|Any CPU
		{EBB342E1-2BF3-459A-84CD-49FC8328DBDE}.AppStore|Any CPU.ActiveCfg = Release|Any CPU
		{EBB342E1-2BF3-459A-84CD-49FC8328DBDE}.AppStore|Any CPU.Build.0 = Release|Any CPU
		{EBB342E1-2BF3-459A-84CD-49FC8328DBDE}.AppStore|Any CPU.Deploy.0 = Release|Any CPU
		{EBB342E1-2BF3-459A-84CD-49FC8328DBDE}.AppStore|ARM.ActiveCfg = Release|Any CPU
		{EBB342E1-2BF3-459A-84CD-49FC8328DBDE}.AppStore|ARM.Build.0 = Release|Any CPU
		{EBB342E1-2BF3-459A-84CD-49FC8328DBDE}.AppStore|ARM.Deploy.0 = Release|Any CPU
		{EBB342E1-2BF3-459A-84CD-49FC8328DBDE}.AppStore|iPhone.ActiveCfg = Release|Any CPU
		{EBB342E1-2BF3-459A-84CD-49FC8328DBDE}.AppStore|iPhone.Build.0 = Release|Any CPU
		{EBB342E1-2BF3-459A-84CD-49FC8328DBDE}.AppStore|iPhone.Deploy.0 = Release|Any CPU
		{EBB342E1-2BF3-459A-84CD-49FC8328DBDE}.AppStore|iPhoneSimulator.ActiveCfg = Release|Any CPU
		{EBB342E1-2BF3-459A-84CD-49FC8328DBDE}.AppStore|iPhoneSimulator.Build.0 = Release|Any CPU
		{EBB342E1-2BF3-459A-84CD-49FC8328DBDE}.AppStore|iPhoneSimulator.Deploy.0 = Release|Any CPU
		{EBB342E1-2BF3-459A-84CD-49FC8328DBDE}.AppStore|x64.ActiveCfg = Release|Any CPU
		{EBB342E1-2BF3-459A-84CD-49FC8328DBDE}.AppStore|x64.Build.0 = Release|Any CPU
		{EBB342E1-2BF3-459A-84CD-49FC8328DBDE}.AppStore|x64.Deploy.0 = Release|Any CPU
		{EBB342E1-2BF3-459A-84CD-49FC8328DBDE}.AppStore|x86.ActiveCfg = Release|Any CPU
		{EBB342E1-2BF3-459A-84CD-49FC8328DBDE}.AppStore|x86.Build.0 = Release|Any CPU
		{EBB342E1-2BF3-459A-84CD-49FC8328DBDE}.AppStore|x86.Deploy.0 = Release|Any CPU
		{EBB342E1-2BF3-459A-84CD-49FC8328DBDE}.Debug|Any CPU.ActiveCfg = Debug|Any CPU
		{EBB342E1-2BF3-459A-84CD-49FC8328DBDE}.Debug|Any CPU.Build.0 = Debug|Any CPU
		{EBB342E1-2BF3-459A-84CD-49FC8328DBDE}.Debug|Any CPU.Deploy.0 = Debug|Any CPU
		{EBB342E1-2BF3-459A-84CD-49FC8328DBDE}.Debug|ARM.ActiveCfg = Debug|Any CPU
		{EBB342E1-2BF3-459A-84CD-49FC8328DBDE}.Debug|ARM.Build.0 = Debug|Any CPU
		{EBB342E1-2BF3-459A-84CD-49FC8328DBDE}.Debug|ARM.Deploy.0 = Debug|Any CPU
		{EBB342E1-2BF3-459A-84CD-49FC8328DBDE}.Debug|iPhone.ActiveCfg = Debug|Any CPU
		{EBB342E1-2BF3-459A-84CD-49FC8328DBDE}.Debug|iPhone.Build.0 = Debug|Any CPU
		{EBB342E1-2BF3-459A-84CD-49FC8328DBDE}.Debug|iPhone.Deploy.0 = Debug|Any CPU
		{EBB342E1-2BF3-459A-84CD-49FC8328DBDE}.Debug|iPhoneSimulator.ActiveCfg = Debug|Any CPU
		{EBB342E1-2BF3-459A-84CD-49FC8328DBDE}.Debug|iPhoneSimulator.Build.0 = Debug|Any CPU
		{EBB342E1-2BF3-459A-84CD-49FC8328DBDE}.Debug|iPhoneSimulator.Deploy.0 = Debug|Any CPU
		{EBB342E1-2BF3-459A-84CD-49FC8328DBDE}.Debug|x64.ActiveCfg = Debug|Any CPU
		{EBB342E1-2BF3-459A-84CD-49FC8328DBDE}.Debug|x64.Build.0 = Debug|Any CPU
		{EBB342E1-2BF3-459A-84CD-49FC8328DBDE}.Debug|x64.Deploy.0 = Debug|Any CPU
		{EBB342E1-2BF3-459A-84CD-49FC8328DBDE}.Debug|x86.ActiveCfg = Debug|Any CPU
		{EBB342E1-2BF3-459A-84CD-49FC8328DBDE}.Debug|x86.Build.0 = Debug|Any CPU
		{EBB342E1-2BF3-459A-84CD-49FC8328DBDE}.Debug|x86.Deploy.0 = Debug|Any CPU
		{EBB342E1-2BF3-459A-84CD-49FC8328DBDE}.Release|Any CPU.ActiveCfg = Release|Any CPU
		{EBB342E1-2BF3-459A-84CD-49FC8328DBDE}.Release|Any CPU.Build.0 = Release|Any CPU
		{EBB342E1-2BF3-459A-84CD-49FC8328DBDE}.Release|Any CPU.Deploy.0 = Release|Any CPU
		{EBB342E1-2BF3-459A-84CD-49FC8328DBDE}.Release|ARM.ActiveCfg = Release|Any CPU
		{EBB342E1-2BF3-459A-84CD-49FC8328DBDE}.Release|ARM.Build.0 = Release|Any CPU
		{EBB342E1-2BF3-459A-84CD-49FC8328DBDE}.Release|ARM.Deploy.0 = Release|Any CPU
		{EBB342E1-2BF3-459A-84CD-49FC8328DBDE}.Release|iPhone.ActiveCfg = Release|Any CPU
		{EBB342E1-2BF3-459A-84CD-49FC8328DBDE}.Release|iPhone.Build.0 = Release|Any CPU
		{EBB342E1-2BF3-459A-84CD-49FC8328DBDE}.Release|iPhone.Deploy.0 = Release|Any CPU
		{EBB342E1-2BF3-459A-84CD-49FC8328DBDE}.Release|iPhoneSimulator.ActiveCfg = Release|Any CPU
		{EBB342E1-2BF3-459A-84CD-49FC8328DBDE}.Release|iPhoneSimulator.Build.0 = Release|Any CPU
		{EBB342E1-2BF3-459A-84CD-49FC8328DBDE}.Release|iPhoneSimulator.Deploy.0 = Release|Any CPU
		{EBB342E1-2BF3-459A-84CD-49FC8328DBDE}.Release|x64.ActiveCfg = Release|Any CPU
		{EBB342E1-2BF3-459A-84CD-49FC8328DBDE}.Release|x64.Build.0 = Release|Any CPU
		{EBB342E1-2BF3-459A-84CD-49FC8328DBDE}.Release|x64.Deploy.0 = Release|Any CPU
		{EBB342E1-2BF3-459A-84CD-49FC8328DBDE}.Release|x86.ActiveCfg = Release|Any CPU
		{EBB342E1-2BF3-459A-84CD-49FC8328DBDE}.Release|x86.Build.0 = Release|Any CPU
		{EBB342E1-2BF3-459A-84CD-49FC8328DBDE}.Release|x86.Deploy.0 = Release|Any CPU
		{16CF0F78-E2B0-4718-A050-C968DC0D5C85}.Ad-Hoc|Any CPU.ActiveCfg = Ad-Hoc|iPhone
		{16CF0F78-E2B0-4718-A050-C968DC0D5C85}.Ad-Hoc|ARM.ActiveCfg = Ad-Hoc|iPhone
		{16CF0F78-E2B0-4718-A050-C968DC0D5C85}.Ad-Hoc|iPhone.ActiveCfg = Ad-Hoc|iPhone
		{16CF0F78-E2B0-4718-A050-C968DC0D5C85}.Ad-Hoc|iPhone.Build.0 = Ad-Hoc|iPhone
		{16CF0F78-E2B0-4718-A050-C968DC0D5C85}.Ad-Hoc|iPhoneSimulator.ActiveCfg = Ad-Hoc|iPhoneSimulator
		{16CF0F78-E2B0-4718-A050-C968DC0D5C85}.Ad-Hoc|iPhoneSimulator.Build.0 = Ad-Hoc|iPhoneSimulator
		{16CF0F78-E2B0-4718-A050-C968DC0D5C85}.Ad-Hoc|x64.ActiveCfg = Ad-Hoc|iPhone
		{16CF0F78-E2B0-4718-A050-C968DC0D5C85}.Ad-Hoc|x86.ActiveCfg = Ad-Hoc|iPhone
		{16CF0F78-E2B0-4718-A050-C968DC0D5C85}.AppStore|Any CPU.ActiveCfg = AppStore|iPhone
		{16CF0F78-E2B0-4718-A050-C968DC0D5C85}.AppStore|ARM.ActiveCfg = AppStore|iPhone
		{16CF0F78-E2B0-4718-A050-C968DC0D5C85}.AppStore|iPhone.ActiveCfg = AppStore|iPhone
		{16CF0F78-E2B0-4718-A050-C968DC0D5C85}.AppStore|iPhone.Build.0 = AppStore|iPhone
		{16CF0F78-E2B0-4718-A050-C968DC0D5C85}.AppStore|iPhoneSimulator.ActiveCfg = AppStore|iPhoneSimulator
		{16CF0F78-E2B0-4718-A050-C968DC0D5C85}.AppStore|iPhoneSimulator.Build.0 = AppStore|iPhoneSimulator
		{16CF0F78-E2B0-4718-A050-C968DC0D5C85}.AppStore|x64.ActiveCfg = AppStore|iPhone
		{16CF0F78-E2B0-4718-A050-C968DC0D5C85}.AppStore|x86.ActiveCfg = AppStore|iPhone
		{16CF0F78-E2B0-4718-A050-C968DC0D5C85}.Debug|Any CPU.ActiveCfg = Debug|iPhone
		{16CF0F78-E2B0-4718-A050-C968DC0D5C85}.Debug|ARM.ActiveCfg = Debug|iPhone
		{16CF0F78-E2B0-4718-A050-C968DC0D5C85}.Debug|iPhone.ActiveCfg = Debug|iPhone
		{16CF0F78-E2B0-4718-A050-C968DC0D5C85}.Debug|iPhone.Build.0 = Debug|iPhone
		{16CF0F78-E2B0-4718-A050-C968DC0D5C85}.Debug|iPhoneSimulator.ActiveCfg = Debug|iPhoneSimulator
		{16CF0F78-E2B0-4718-A050-C968DC0D5C85}.Debug|iPhoneSimulator.Build.0 = Debug|iPhoneSimulator
		{16CF0F78-E2B0-4718-A050-C968DC0D5C85}.Debug|x64.ActiveCfg = Debug|iPhone
		{16CF0F78-E2B0-4718-A050-C968DC0D5C85}.Debug|x86.ActiveCfg = Debug|iPhone
		{16CF0F78-E2B0-4718-A050-C968DC0D5C85}.Release|Any CPU.ActiveCfg = Release|iPhone
		{16CF0F78-E2B0-4718-A050-C968DC0D5C85}.Release|ARM.ActiveCfg = Release|iPhone
		{16CF0F78-E2B0-4718-A050-C968DC0D5C85}.Release|iPhone.ActiveCfg = Release|iPhone
		{16CF0F78-E2B0-4718-A050-C968DC0D5C85}.Release|iPhone.Build.0 = Release|iPhone
		{16CF0F78-E2B0-4718-A050-C968DC0D5C85}.Release|iPhoneSimulator.ActiveCfg = Release|iPhoneSimulator
		{16CF0F78-E2B0-4718-A050-C968DC0D5C85}.Release|iPhoneSimulator.Build.0 = Release|iPhoneSimulator
		{16CF0F78-E2B0-4718-A050-C968DC0D5C85}.Release|x64.ActiveCfg = Release|iPhone
		{16CF0F78-E2B0-4718-A050-C968DC0D5C85}.Release|x86.ActiveCfg = Release|iPhone
		{AA9CB4A2-2C82-410E-A4E9-A492F02930B2}.Ad-Hoc|Any CPU.ActiveCfg = Release|Any CPU
		{AA9CB4A2-2C82-410E-A4E9-A492F02930B2}.Ad-Hoc|Any CPU.Build.0 = Release|Any CPU
		{AA9CB4A2-2C82-410E-A4E9-A492F02930B2}.Ad-Hoc|Any CPU.Deploy.0 = Release|Any CPU
		{AA9CB4A2-2C82-410E-A4E9-A492F02930B2}.Ad-Hoc|ARM.ActiveCfg = Release|ARM
		{AA9CB4A2-2C82-410E-A4E9-A492F02930B2}.Ad-Hoc|ARM.Build.0 = Release|ARM
		{AA9CB4A2-2C82-410E-A4E9-A492F02930B2}.Ad-Hoc|ARM.Deploy.0 = Release|ARM
		{AA9CB4A2-2C82-410E-A4E9-A492F02930B2}.Ad-Hoc|iPhone.ActiveCfg = Release|Any CPU
		{AA9CB4A2-2C82-410E-A4E9-A492F02930B2}.Ad-Hoc|iPhone.Build.0 = Release|Any CPU
		{AA9CB4A2-2C82-410E-A4E9-A492F02930B2}.Ad-Hoc|iPhone.Deploy.0 = Release|Any CPU
		{AA9CB4A2-2C82-410E-A4E9-A492F02930B2}.Ad-Hoc|iPhoneSimulator.ActiveCfg = Release|Any CPU
		{AA9CB4A2-2C82-410E-A4E9-A492F02930B2}.Ad-Hoc|iPhoneSimulator.Build.0 = Release|Any CPU
		{AA9CB4A2-2C82-410E-A4E9-A492F02930B2}.Ad-Hoc|iPhoneSimulator.Deploy.0 = Release|Any CPU
		{AA9CB4A2-2C82-410E-A4E9-A492F02930B2}.Ad-Hoc|x64.ActiveCfg = Release|Any CPU
		{AA9CB4A2-2C82-410E-A4E9-A492F02930B2}.Ad-Hoc|x64.Build.0 = Release|Any CPU
		{AA9CB4A2-2C82-410E-A4E9-A492F02930B2}.Ad-Hoc|x64.Deploy.0 = Release|Any CPU
		{AA9CB4A2-2C82-410E-A4E9-A492F02930B2}.Ad-Hoc|x86.ActiveCfg = Release|x86
		{AA9CB4A2-2C82-410E-A4E9-A492F02930B2}.Ad-Hoc|x86.Build.0 = Release|x86
		{AA9CB4A2-2C82-410E-A4E9-A492F02930B2}.Ad-Hoc|x86.Deploy.0 = Release|x86
		{AA9CB4A2-2C82-410E-A4E9-A492F02930B2}.AppStore|Any CPU.ActiveCfg = Release|Any CPU
		{AA9CB4A2-2C82-410E-A4E9-A492F02930B2}.AppStore|Any CPU.Build.0 = Release|Any CPU
		{AA9CB4A2-2C82-410E-A4E9-A492F02930B2}.AppStore|Any CPU.Deploy.0 = Release|Any CPU
		{AA9CB4A2-2C82-410E-A4E9-A492F02930B2}.AppStore|ARM.ActiveCfg = Release|ARM
		{AA9CB4A2-2C82-410E-A4E9-A492F02930B2}.AppStore|ARM.Build.0 = Release|ARM
		{AA9CB4A2-2C82-410E-A4E9-A492F02930B2}.AppStore|ARM.Deploy.0 = Release|ARM
		{AA9CB4A2-2C82-410E-A4E9-A492F02930B2}.AppStore|iPhone.ActiveCfg = Release|Any CPU
		{AA9CB4A2-2C82-410E-A4E9-A492F02930B2}.AppStore|iPhone.Build.0 = Release|Any CPU
		{AA9CB4A2-2C82-410E-A4E9-A492F02930B2}.AppStore|iPhone.Deploy.0 = Release|Any CPU
		{AA9CB4A2-2C82-410E-A4E9-A492F02930B2}.AppStore|iPhoneSimulator.ActiveCfg = Release|Any CPU
		{AA9CB4A2-2C82-410E-A4E9-A492F02930B2}.AppStore|iPhoneSimulator.Build.0 = Release|Any CPU
		{AA9CB4A2-2C82-410E-A4E9-A492F02930B2}.AppStore|iPhoneSimulator.Deploy.0 = Release|Any CPU
		{AA9CB4A2-2C82-410E-A4E9-A492F02930B2}.AppStore|x64.ActiveCfg = Release|Any CPU
		{AA9CB4A2-2C82-410E-A4E9-A492F02930B2}.AppStore|x64.Build.0 = Release|Any CPU
		{AA9CB4A2-2C82-410E-A4E9-A492F02930B2}.AppStore|x64.Deploy.0 = Release|Any CPU
		{AA9CB4A2-2C82-410E-A4E9-A492F02930B2}.AppStore|x86.ActiveCfg = Release|x86
		{AA9CB4A2-2C82-410E-A4E9-A492F02930B2}.AppStore|x86.Build.0 = Release|x86
		{AA9CB4A2-2C82-410E-A4E9-A492F02930B2}.AppStore|x86.Deploy.0 = Release|x86
		{AA9CB4A2-2C82-410E-A4E9-A492F02930B2}.Debug|Any CPU.ActiveCfg = Debug|Any CPU
		{AA9CB4A2-2C82-410E-A4E9-A492F02930B2}.Debug|ARM.ActiveCfg = Debug|ARM
		{AA9CB4A2-2C82-410E-A4E9-A492F02930B2}.Debug|ARM.Build.0 = Debug|ARM
		{AA9CB4A2-2C82-410E-A4E9-A492F02930B2}.Debug|ARM.Deploy.0 = Debug|ARM
		{AA9CB4A2-2C82-410E-A4E9-A492F02930B2}.Debug|iPhone.ActiveCfg = Debug|Any CPU
		{AA9CB4A2-2C82-410E-A4E9-A492F02930B2}.Debug|iPhone.Build.0 = Debug|Any CPU
		{AA9CB4A2-2C82-410E-A4E9-A492F02930B2}.Debug|iPhone.Deploy.0 = Debug|Any CPU
		{AA9CB4A2-2C82-410E-A4E9-A492F02930B2}.Debug|iPhoneSimulator.ActiveCfg = Debug|Any CPU
		{AA9CB4A2-2C82-410E-A4E9-A492F02930B2}.Debug|iPhoneSimulator.Build.0 = Debug|Any CPU
		{AA9CB4A2-2C82-410E-A4E9-A492F02930B2}.Debug|iPhoneSimulator.Deploy.0 = Debug|Any CPU
		{AA9CB4A2-2C82-410E-A4E9-A492F02930B2}.Debug|x64.ActiveCfg = Debug|Any CPU
		{AA9CB4A2-2C82-410E-A4E9-A492F02930B2}.Debug|x64.Build.0 = Debug|Any CPU
		{AA9CB4A2-2C82-410E-A4E9-A492F02930B2}.Debug|x64.Deploy.0 = Debug|Any CPU
		{AA9CB4A2-2C82-410E-A4E9-A492F02930B2}.Debug|x86.ActiveCfg = Debug|x86
		{AA9CB4A2-2C82-410E-A4E9-A492F02930B2}.Debug|x86.Build.0 = Debug|x86
		{AA9CB4A2-2C82-410E-A4E9-A492F02930B2}.Debug|x86.Deploy.0 = Debug|x86
		{AA9CB4A2-2C82-410E-A4E9-A492F02930B2}.Release|Any CPU.ActiveCfg = Release|Any CPU
		{AA9CB4A2-2C82-410E-A4E9-A492F02930B2}.Release|Any CPU.Build.0 = Release|Any CPU
		{AA9CB4A2-2C82-410E-A4E9-A492F02930B2}.Release|Any CPU.Deploy.0 = Release|Any CPU
		{AA9CB4A2-2C82-410E-A4E9-A492F02930B2}.Release|ARM.ActiveCfg = Release|ARM
		{AA9CB4A2-2C82-410E-A4E9-A492F02930B2}.Release|ARM.Build.0 = Release|ARM
		{AA9CB4A2-2C82-410E-A4E9-A492F02930B2}.Release|ARM.Deploy.0 = Release|ARM
		{AA9CB4A2-2C82-410E-A4E9-A492F02930B2}.Release|iPhone.ActiveCfg = Release|Any CPU
		{AA9CB4A2-2C82-410E-A4E9-A492F02930B2}.Release|iPhone.Build.0 = Release|Any CPU
		{AA9CB4A2-2C82-410E-A4E9-A492F02930B2}.Release|iPhone.Deploy.0 = Release|Any CPU
		{AA9CB4A2-2C82-410E-A4E9-A492F02930B2}.Release|iPhoneSimulator.ActiveCfg = Release|Any CPU
		{AA9CB4A2-2C82-410E-A4E9-A492F02930B2}.Release|iPhoneSimulator.Build.0 = Release|Any CPU
		{AA9CB4A2-2C82-410E-A4E9-A492F02930B2}.Release|iPhoneSimulator.Deploy.0 = Release|Any CPU
		{AA9CB4A2-2C82-410E-A4E9-A492F02930B2}.Release|x64.ActiveCfg = Release|Any CPU
		{AA9CB4A2-2C82-410E-A4E9-A492F02930B2}.Release|x64.Build.0 = Release|Any CPU
		{AA9CB4A2-2C82-410E-A4E9-A492F02930B2}.Release|x64.Deploy.0 = Release|Any CPU
		{AA9CB4A2-2C82-410E-A4E9-A492F02930B2}.Release|x86.ActiveCfg = Release|x86
		{AA9CB4A2-2C82-410E-A4E9-A492F02930B2}.Release|x86.Build.0 = Release|x86
		{AA9CB4A2-2C82-410E-A4E9-A492F02930B2}.Release|x86.Deploy.0 = Release|x86
		{408C8EE7-7E31-41B4-9C1E-D9FBFBF36046}.Ad-Hoc|Any CPU.ActiveCfg = Release|x86
		{408C8EE7-7E31-41B4-9C1E-D9FBFBF36046}.Ad-Hoc|Any CPU.Build.0 = Release|x86
		{408C8EE7-7E31-41B4-9C1E-D9FBFBF36046}.Ad-Hoc|Any CPU.Deploy.0 = Release|x86
		{408C8EE7-7E31-41B4-9C1E-D9FBFBF36046}.Ad-Hoc|ARM.ActiveCfg = Release|ARM
		{408C8EE7-7E31-41B4-9C1E-D9FBFBF36046}.Ad-Hoc|ARM.Build.0 = Release|ARM
		{408C8EE7-7E31-41B4-9C1E-D9FBFBF36046}.Ad-Hoc|ARM.Deploy.0 = Release|ARM
		{408C8EE7-7E31-41B4-9C1E-D9FBFBF36046}.Ad-Hoc|iPhone.ActiveCfg = Release|x86
		{408C8EE7-7E31-41B4-9C1E-D9FBFBF36046}.Ad-Hoc|iPhone.Build.0 = Release|x86
		{408C8EE7-7E31-41B4-9C1E-D9FBFBF36046}.Ad-Hoc|iPhone.Deploy.0 = Release|x86
		{408C8EE7-7E31-41B4-9C1E-D9FBFBF36046}.Ad-Hoc|iPhoneSimulator.ActiveCfg = Release|x86
		{408C8EE7-7E31-41B4-9C1E-D9FBFBF36046}.Ad-Hoc|iPhoneSimulator.Build.0 = Release|x86
		{408C8EE7-7E31-41B4-9C1E-D9FBFBF36046}.Ad-Hoc|iPhoneSimulator.Deploy.0 = Release|x86
		{408C8EE7-7E31-41B4-9C1E-D9FBFBF36046}.Ad-Hoc|x64.ActiveCfg = Release|x64
		{408C8EE7-7E31-41B4-9C1E-D9FBFBF36046}.Ad-Hoc|x64.Build.0 = Release|x64
		{408C8EE7-7E31-41B4-9C1E-D9FBFBF36046}.Ad-Hoc|x64.Deploy.0 = Release|x64
		{408C8EE7-7E31-41B4-9C1E-D9FBFBF36046}.Ad-Hoc|x86.ActiveCfg = Release|x86
		{408C8EE7-7E31-41B4-9C1E-D9FBFBF36046}.Ad-Hoc|x86.Build.0 = Release|x86
		{408C8EE7-7E31-41B4-9C1E-D9FBFBF36046}.Ad-Hoc|x86.Deploy.0 = Release|x86
		{408C8EE7-7E31-41B4-9C1E-D9FBFBF36046}.AppStore|Any CPU.ActiveCfg = Release|x86
		{408C8EE7-7E31-41B4-9C1E-D9FBFBF36046}.AppStore|Any CPU.Build.0 = Release|x86
		{408C8EE7-7E31-41B4-9C1E-D9FBFBF36046}.AppStore|Any CPU.Deploy.0 = Release|x86
		{408C8EE7-7E31-41B4-9C1E-D9FBFBF36046}.AppStore|ARM.ActiveCfg = Release|ARM
		{408C8EE7-7E31-41B4-9C1E-D9FBFBF36046}.AppStore|ARM.Build.0 = Release|ARM
		{408C8EE7-7E31-41B4-9C1E-D9FBFBF36046}.AppStore|ARM.Deploy.0 = Release|ARM
		{408C8EE7-7E31-41B4-9C1E-D9FBFBF36046}.AppStore|iPhone.ActiveCfg = Release|x86
		{408C8EE7-7E31-41B4-9C1E-D9FBFBF36046}.AppStore|iPhone.Build.0 = Release|x86
		{408C8EE7-7E31-41B4-9C1E-D9FBFBF36046}.AppStore|iPhone.Deploy.0 = Release|x86
		{408C8EE7-7E31-41B4-9C1E-D9FBFBF36046}.AppStore|iPhoneSimulator.ActiveCfg = Release|x86
		{408C8EE7-7E31-41B4-9C1E-D9FBFBF36046}.AppStore|iPhoneSimulator.Build.0 = Release|x86
		{408C8EE7-7E31-41B4-9C1E-D9FBFBF36046}.AppStore|iPhoneSimulator.Deploy.0 = Release|x86
		{408C8EE7-7E31-41B4-9C1E-D9FBFBF36046}.AppStore|x64.ActiveCfg = Release|x64
		{408C8EE7-7E31-41B4-9C1E-D9FBFBF36046}.AppStore|x64.Build.0 = Release|x64
		{408C8EE7-7E31-41B4-9C1E-D9FBFBF36046}.AppStore|x64.Deploy.0 = Release|x64
		{408C8EE7-7E31-41B4-9C1E-D9FBFBF36046}.AppStore|x86.ActiveCfg = Release|x86
		{408C8EE7-7E31-41B4-9C1E-D9FBFBF36046}.AppStore|x86.Build.0 = Release|x86
		{408C8EE7-7E31-41B4-9C1E-D9FBFBF36046}.AppStore|x86.Deploy.0 = Release|x86
		{408C8EE7-7E31-41B4-9C1E-D9FBFBF36046}.Debug|Any CPU.ActiveCfg = Debug|x86
		{408C8EE7-7E31-41B4-9C1E-D9FBFBF36046}.Debug|Any CPU.Build.0 = Debug|x86
		{408C8EE7-7E31-41B4-9C1E-D9FBFBF36046}.Debug|Any CPU.Deploy.0 = Debug|x86
		{408C8EE7-7E31-41B4-9C1E-D9FBFBF36046}.Debug|ARM.ActiveCfg = Debug|ARM
		{408C8EE7-7E31-41B4-9C1E-D9FBFBF36046}.Debug|ARM.Build.0 = Debug|ARM
		{408C8EE7-7E31-41B4-9C1E-D9FBFBF36046}.Debug|ARM.Deploy.0 = Debug|ARM
		{408C8EE7-7E31-41B4-9C1E-D9FBFBF36046}.Debug|iPhone.ActiveCfg = Debug|x86
		{408C8EE7-7E31-41B4-9C1E-D9FBFBF36046}.Debug|iPhoneSimulator.ActiveCfg = Debug|x86
		{408C8EE7-7E31-41B4-9C1E-D9FBFBF36046}.Debug|x64.ActiveCfg = Debug|x64
		{408C8EE7-7E31-41B4-9C1E-D9FBFBF36046}.Debug|x64.Build.0 = Debug|x64
		{408C8EE7-7E31-41B4-9C1E-D9FBFBF36046}.Debug|x64.Deploy.0 = Debug|x64
		{408C8EE7-7E31-41B4-9C1E-D9FBFBF36046}.Debug|x86.ActiveCfg = Debug|x86
		{408C8EE7-7E31-41B4-9C1E-D9FBFBF36046}.Debug|x86.Build.0 = Debug|x86
		{408C8EE7-7E31-41B4-9C1E-D9FBFBF36046}.Debug|x86.Deploy.0 = Debug|x86
		{408C8EE7-7E31-41B4-9C1E-D9FBFBF36046}.Release|Any CPU.ActiveCfg = Release|x86
		{408C8EE7-7E31-41B4-9C1E-D9FBFBF36046}.Release|ARM.ActiveCfg = Release|ARM
		{408C8EE7-7E31-41B4-9C1E-D9FBFBF36046}.Release|ARM.Build.0 = Release|ARM
		{408C8EE7-7E31-41B4-9C1E-D9FBFBF36046}.Release|ARM.Deploy.0 = Release|ARM
		{408C8EE7-7E31-41B4-9C1E-D9FBFBF36046}.Release|iPhone.ActiveCfg = Release|x86
		{408C8EE7-7E31-41B4-9C1E-D9FBFBF36046}.Release|iPhoneSimulator.ActiveCfg = Release|x86
		{408C8EE7-7E31-41B4-9C1E-D9FBFBF36046}.Release|x64.ActiveCfg = Release|x64
		{408C8EE7-7E31-41B4-9C1E-D9FBFBF36046}.Release|x64.Build.0 = Release|x64
		{408C8EE7-7E31-41B4-9C1E-D9FBFBF36046}.Release|x64.Deploy.0 = Release|x64
		{408C8EE7-7E31-41B4-9C1E-D9FBFBF36046}.Release|x86.ActiveCfg = Release|x86
		{408C8EE7-7E31-41B4-9C1E-D9FBFBF36046}.Release|x86.Build.0 = Release|x86
		{408C8EE7-7E31-41B4-9C1E-D9FBFBF36046}.Release|x86.Deploy.0 = Release|x86
		{4E9888C1-FA26-46FF-B71E-94F9A45A0136}.Ad-Hoc|Any CPU.ActiveCfg = Release|Any CPU
		{4E9888C1-FA26-46FF-B71E-94F9A45A0136}.Ad-Hoc|Any CPU.Build.0 = Release|Any CPU
		{4E9888C1-FA26-46FF-B71E-94F9A45A0136}.Ad-Hoc|Any CPU.Deploy.0 = Release|Any CPU
		{4E9888C1-FA26-46FF-B71E-94F9A45A0136}.Ad-Hoc|ARM.ActiveCfg = Release|ARM
		{4E9888C1-FA26-46FF-B71E-94F9A45A0136}.Ad-Hoc|ARM.Build.0 = Release|ARM
		{4E9888C1-FA26-46FF-B71E-94F9A45A0136}.Ad-Hoc|ARM.Deploy.0 = Release|ARM
		{4E9888C1-FA26-46FF-B71E-94F9A45A0136}.Ad-Hoc|iPhone.ActiveCfg = Release|Any CPU
		{4E9888C1-FA26-46FF-B71E-94F9A45A0136}.Ad-Hoc|iPhone.Build.0 = Release|Any CPU
		{4E9888C1-FA26-46FF-B71E-94F9A45A0136}.Ad-Hoc|iPhone.Deploy.0 = Release|Any CPU
		{4E9888C1-FA26-46FF-B71E-94F9A45A0136}.Ad-Hoc|iPhoneSimulator.ActiveCfg = Release|Any CPU
		{4E9888C1-FA26-46FF-B71E-94F9A45A0136}.Ad-Hoc|iPhoneSimulator.Build.0 = Release|Any CPU
		{4E9888C1-FA26-46FF-B71E-94F9A45A0136}.Ad-Hoc|iPhoneSimulator.Deploy.0 = Release|Any CPU
		{4E9888C1-FA26-46FF-B71E-94F9A45A0136}.Ad-Hoc|x64.ActiveCfg = Release|x64
		{4E9888C1-FA26-46FF-B71E-94F9A45A0136}.Ad-Hoc|x64.Build.0 = Release|x64
		{4E9888C1-FA26-46FF-B71E-94F9A45A0136}.Ad-Hoc|x64.Deploy.0 = Release|x64
		{4E9888C1-FA26-46FF-B71E-94F9A45A0136}.Ad-Hoc|x86.ActiveCfg = Release|x86
		{4E9888C1-FA26-46FF-B71E-94F9A45A0136}.Ad-Hoc|x86.Build.0 = Release|x86
		{4E9888C1-FA26-46FF-B71E-94F9A45A0136}.Ad-Hoc|x86.Deploy.0 = Release|x86
		{4E9888C1-FA26-46FF-B71E-94F9A45A0136}.AppStore|Any CPU.ActiveCfg = Release|Any CPU
		{4E9888C1-FA26-46FF-B71E-94F9A45A0136}.AppStore|Any CPU.Build.0 = Release|Any CPU
		{4E9888C1-FA26-46FF-B71E-94F9A45A0136}.AppStore|Any CPU.Deploy.0 = Release|Any CPU
		{4E9888C1-FA26-46FF-B71E-94F9A45A0136}.AppStore|ARM.ActiveCfg = Release|ARM
		{4E9888C1-FA26-46FF-B71E-94F9A45A0136}.AppStore|ARM.Build.0 = Release|ARM
		{4E9888C1-FA26-46FF-B71E-94F9A45A0136}.AppStore|ARM.Deploy.0 = Release|ARM
		{4E9888C1-FA26-46FF-B71E-94F9A45A0136}.AppStore|iPhone.ActiveCfg = Release|Any CPU
		{4E9888C1-FA26-46FF-B71E-94F9A45A0136}.AppStore|iPhone.Build.0 = Release|Any CPU
		{4E9888C1-FA26-46FF-B71E-94F9A45A0136}.AppStore|iPhone.Deploy.0 = Release|Any CPU
		{4E9888C1-FA26-46FF-B71E-94F9A45A0136}.AppStore|iPhoneSimulator.ActiveCfg = Release|Any CPU
		{4E9888C1-FA26-46FF-B71E-94F9A45A0136}.AppStore|iPhoneSimulator.Build.0 = Release|Any CPU
		{4E9888C1-FA26-46FF-B71E-94F9A45A0136}.AppStore|iPhoneSimulator.Deploy.0 = Release|Any CPU
		{4E9888C1-FA26-46FF-B71E-94F9A45A0136}.AppStore|x64.ActiveCfg = Release|x64
		{4E9888C1-FA26-46FF-B71E-94F9A45A0136}.AppStore|x64.Build.0 = Release|x64
		{4E9888C1-FA26-46FF-B71E-94F9A45A0136}.AppStore|x64.Deploy.0 = Release|x64
		{4E9888C1-FA26-46FF-B71E-94F9A45A0136}.AppStore|x86.ActiveCfg = Release|x86
		{4E9888C1-FA26-46FF-B71E-94F9A45A0136}.AppStore|x86.Build.0 = Release|x86
		{4E9888C1-FA26-46FF-B71E-94F9A45A0136}.AppStore|x86.Deploy.0 = Release|x86
		{4E9888C1-FA26-46FF-B71E-94F9A45A0136}.Debug|Any CPU.ActiveCfg = Debug|Any CPU
		{4E9888C1-FA26-46FF-B71E-94F9A45A0136}.Debug|ARM.ActiveCfg = Debug|ARM
		{4E9888C1-FA26-46FF-B71E-94F9A45A0136}.Debug|ARM.Build.0 = Debug|ARM
		{4E9888C1-FA26-46FF-B71E-94F9A45A0136}.Debug|ARM.Deploy.0 = Debug|ARM
		{4E9888C1-FA26-46FF-B71E-94F9A45A0136}.Debug|iPhone.ActiveCfg = Debug|Any CPU
		{4E9888C1-FA26-46FF-B71E-94F9A45A0136}.Debug|iPhone.Build.0 = Debug|Any CPU
		{4E9888C1-FA26-46FF-B71E-94F9A45A0136}.Debug|iPhone.Deploy.0 = Debug|Any CPU
		{4E9888C1-FA26-46FF-B71E-94F9A45A0136}.Debug|iPhoneSimulator.ActiveCfg = Debug|Any CPU
		{4E9888C1-FA26-46FF-B71E-94F9A45A0136}.Debug|iPhoneSimulator.Build.0 = Debug|Any CPU
		{4E9888C1-FA26-46FF-B71E-94F9A45A0136}.Debug|iPhoneSimulator.Deploy.0 = Debug|Any CPU
		{4E9888C1-FA26-46FF-B71E-94F9A45A0136}.Debug|x64.ActiveCfg = Debug|x64
		{4E9888C1-FA26-46FF-B71E-94F9A45A0136}.Debug|x64.Build.0 = Debug|x64
		{4E9888C1-FA26-46FF-B71E-94F9A45A0136}.Debug|x64.Deploy.0 = Debug|x64
		{4E9888C1-FA26-46FF-B71E-94F9A45A0136}.Debug|x86.ActiveCfg = Debug|x86
		{4E9888C1-FA26-46FF-B71E-94F9A45A0136}.Debug|x86.Build.0 = Debug|x86
		{4E9888C1-FA26-46FF-B71E-94F9A45A0136}.Debug|x86.Deploy.0 = Debug|x86
		{4E9888C1-FA26-46FF-B71E-94F9A45A0136}.Release|Any CPU.ActiveCfg = Release|Any CPU
		{4E9888C1-FA26-46FF-B71E-94F9A45A0136}.Release|Any CPU.Build.0 = Release|Any CPU
		{4E9888C1-FA26-46FF-B71E-94F9A45A0136}.Release|Any CPU.Deploy.0 = Release|Any CPU
		{4E9888C1-FA26-46FF-B71E-94F9A45A0136}.Release|ARM.ActiveCfg = Release|ARM
		{4E9888C1-FA26-46FF-B71E-94F9A45A0136}.Release|ARM.Build.0 = Release|ARM
		{4E9888C1-FA26-46FF-B71E-94F9A45A0136}.Release|ARM.Deploy.0 = Release|ARM
		{4E9888C1-FA26-46FF-B71E-94F9A45A0136}.Release|iPhone.ActiveCfg = Release|Any CPU
		{4E9888C1-FA26-46FF-B71E-94F9A45A0136}.Release|iPhone.Build.0 = Release|Any CPU
		{4E9888C1-FA26-46FF-B71E-94F9A45A0136}.Release|iPhone.Deploy.0 = Release|Any CPU
		{4E9888C1-FA26-46FF-B71E-94F9A45A0136}.Release|iPhoneSimulator.ActiveCfg = Release|Any CPU
		{4E9888C1-FA26-46FF-B71E-94F9A45A0136}.Release|iPhoneSimulator.Build.0 = Release|Any CPU
		{4E9888C1-FA26-46FF-B71E-94F9A45A0136}.Release|iPhoneSimulator.Deploy.0 = Release|Any CPU
		{4E9888C1-FA26-46FF-B71E-94F9A45A0136}.Release|x64.ActiveCfg = Release|x64
		{4E9888C1-FA26-46FF-B71E-94F9A45A0136}.Release|x64.Build.0 = Release|x64
		{4E9888C1-FA26-46FF-B71E-94F9A45A0136}.Release|x64.Deploy.0 = Release|x64
		{4E9888C1-FA26-46FF-B71E-94F9A45A0136}.Release|x86.ActiveCfg = Release|x86
		{4E9888C1-FA26-46FF-B71E-94F9A45A0136}.Release|x86.Build.0 = Release|x86
		{4E9888C1-FA26-46FF-B71E-94F9A45A0136}.Release|x86.Deploy.0 = Release|x86
		{90379E6F-7309-43DE-BD06-455DF0C1D9B1}.Ad-Hoc|Any CPU.ActiveCfg = Release|Any CPU
		{90379E6F-7309-43DE-BD06-455DF0C1D9B1}.Ad-Hoc|Any CPU.Build.0 = Release|Any CPU
		{90379E6F-7309-43DE-BD06-455DF0C1D9B1}.Ad-Hoc|ARM.ActiveCfg = Release|Any CPU
		{90379E6F-7309-43DE-BD06-455DF0C1D9B1}.Ad-Hoc|ARM.Build.0 = Release|Any CPU
		{90379E6F-7309-43DE-BD06-455DF0C1D9B1}.Ad-Hoc|iPhone.ActiveCfg = Release|Any CPU
		{90379E6F-7309-43DE-BD06-455DF0C1D9B1}.Ad-Hoc|iPhone.Build.0 = Release|Any CPU
		{90379E6F-7309-43DE-BD06-455DF0C1D9B1}.Ad-Hoc|iPhoneSimulator.ActiveCfg = Release|Any CPU
		{90379E6F-7309-43DE-BD06-455DF0C1D9B1}.Ad-Hoc|iPhoneSimulator.Build.0 = Release|Any CPU
		{90379E6F-7309-43DE-BD06-455DF0C1D9B1}.Ad-Hoc|x64.ActiveCfg = Release|Any CPU
		{90379E6F-7309-43DE-BD06-455DF0C1D9B1}.Ad-Hoc|x64.Build.0 = Release|Any CPU
		{90379E6F-7309-43DE-BD06-455DF0C1D9B1}.Ad-Hoc|x86.ActiveCfg = Release|Any CPU
		{90379E6F-7309-43DE-BD06-455DF0C1D9B1}.Ad-Hoc|x86.Build.0 = Release|Any CPU
		{90379E6F-7309-43DE-BD06-455DF0C1D9B1}.AppStore|Any CPU.ActiveCfg = Release|Any CPU
		{90379E6F-7309-43DE-BD06-455DF0C1D9B1}.AppStore|Any CPU.Build.0 = Release|Any CPU
		{90379E6F-7309-43DE-BD06-455DF0C1D9B1}.AppStore|ARM.ActiveCfg = Release|Any CPU
		{90379E6F-7309-43DE-BD06-455DF0C1D9B1}.AppStore|ARM.Build.0 = Release|Any CPU
		{90379E6F-7309-43DE-BD06-455DF0C1D9B1}.AppStore|iPhone.ActiveCfg = Release|Any CPU
		{90379E6F-7309-43DE-BD06-455DF0C1D9B1}.AppStore|iPhone.Build.0 = Release|Any CPU
		{90379E6F-7309-43DE-BD06-455DF0C1D9B1}.AppStore|iPhoneSimulator.ActiveCfg = Release|Any CPU
		{90379E6F-7309-43DE-BD06-455DF0C1D9B1}.AppStore|iPhoneSimulator.Build.0 = Release|Any CPU
		{90379E6F-7309-43DE-BD06-455DF0C1D9B1}.AppStore|x64.ActiveCfg = Release|Any CPU
		{90379E6F-7309-43DE-BD06-455DF0C1D9B1}.AppStore|x64.Build.0 = Release|Any CPU
		{90379E6F-7309-43DE-BD06-455DF0C1D9B1}.AppStore|x86.ActiveCfg = Release|Any CPU
		{90379E6F-7309-43DE-BD06-455DF0C1D9B1}.AppStore|x86.Build.0 = Release|Any CPU
		{90379E6F-7309-43DE-BD06-455DF0C1D9B1}.Debug|Any CPU.ActiveCfg = Debug|Any CPU
		{90379E6F-7309-43DE-BD06-455DF0C1D9B1}.Debug|Any CPU.Build.0 = Debug|Any CPU
		{90379E6F-7309-43DE-BD06-455DF0C1D9B1}.Debug|ARM.ActiveCfg = Debug|Any CPU
		{90379E6F-7309-43DE-BD06-455DF0C1D9B1}.Debug|ARM.Build.0 = Debug|Any CPU
		{90379E6F-7309-43DE-BD06-455DF0C1D9B1}.Debug|iPhone.ActiveCfg = Debug|Any CPU
		{90379E6F-7309-43DE-BD06-455DF0C1D9B1}.Debug|iPhone.Build.0 = Debug|Any CPU
		{90379E6F-7309-43DE-BD06-455DF0C1D9B1}.Debug|iPhoneSimulator.ActiveCfg = Debug|Any CPU
		{90379E6F-7309-43DE-BD06-455DF0C1D9B1}.Debug|iPhoneSimulator.Build.0 = Debug|Any CPU
		{90379E6F-7309-43DE-BD06-455DF0C1D9B1}.Debug|x64.ActiveCfg = Debug|Any CPU
		{90379E6F-7309-43DE-BD06-455DF0C1D9B1}.Debug|x64.Build.0 = Debug|Any CPU
		{90379E6F-7309-43DE-BD06-455DF0C1D9B1}.Debug|x86.ActiveCfg = Debug|Any CPU
		{90379E6F-7309-43DE-BD06-455DF0C1D9B1}.Debug|x86.Build.0 = Debug|Any CPU
		{90379E6F-7309-43DE-BD06-455DF0C1D9B1}.Release|Any CPU.ActiveCfg = Release|Any CPU
		{90379E6F-7309-43DE-BD06-455DF0C1D9B1}.Release|Any CPU.Build.0 = Release|Any CPU
		{90379E6F-7309-43DE-BD06-455DF0C1D9B1}.Release|ARM.ActiveCfg = Release|Any CPU
		{90379E6F-7309-43DE-BD06-455DF0C1D9B1}.Release|ARM.Build.0 = Release|Any CPU
		{90379E6F-7309-43DE-BD06-455DF0C1D9B1}.Release|iPhone.ActiveCfg = Release|Any CPU
		{90379E6F-7309-43DE-BD06-455DF0C1D9B1}.Release|iPhone.Build.0 = Release|Any CPU
		{90379E6F-7309-43DE-BD06-455DF0C1D9B1}.Release|iPhoneSimulator.ActiveCfg = Release|Any CPU
		{90379E6F-7309-43DE-BD06-455DF0C1D9B1}.Release|iPhoneSimulator.Build.0 = Release|Any CPU
		{90379E6F-7309-43DE-BD06-455DF0C1D9B1}.Release|x64.ActiveCfg = Release|Any CPU
		{90379E6F-7309-43DE-BD06-455DF0C1D9B1}.Release|x64.Build.0 = Release|Any CPU
		{90379E6F-7309-43DE-BD06-455DF0C1D9B1}.Release|x86.ActiveCfg = Release|Any CPU
		{90379E6F-7309-43DE-BD06-455DF0C1D9B1}.Release|x86.Build.0 = Release|Any CPU
	EndGlobalSection
	GlobalSection(SolutionProperties) = preSolution
		HideSolutionNode = FALSE
	EndGlobalSection
EndGlobal
