
Microsoft Visual Studio Solution File, Format Version 12.00
# Visual Studio 14
VisualStudioVersion = 14.0.25420.1
MinimumVisualStudioVersion = 10.0.40219.1
Project("{FAE04EC0-301F-11D3-BF4B-00C04F79EFBC}") = "ComputerVisionSample.Droid", "ComputerVisionSample\ComputerVisionSample.Droid\ComputerVisionSample.Droid.csproj", "{47102B80-BD73-4B66-8C34-0AE7A2B2C612}"
EndProject
Project("{FAE04EC0-301F-11D3-BF4B-00C04F79EFBC}") = "ComputerVisionSample.iOS", "ComputerVisionSample\ComputerVisionSample.iOS\ComputerVisionSample.iOS.csproj", "{4910A0F9-ABF7-493A-ABE5-1923A27ACBB0}"
EndProject
Project("{FAE04EC0-301F-11D3-BF4B-00C04F79EFBC}") = "ComputerVisionSample.WinPhone", "ComputerVisionSample\ComputerVisionSample.WinPhone\ComputerVisionSample.WinPhone.csproj", "{BCFFB09C-F4A8-42CC-A753-6354B4416F89}"
EndProject
Project("{FAE04EC0-301F-11D3-BF4B-00C04F79EFBC}") = "ComputerVisionSample.UWP", "ComputerVisionSample\ComputerVisionSample.UWP\ComputerVisionSample.UWP.csproj", "{70DD78C0-CE50-40EA-BC6C-3AF60B0A941B}"
EndProject
Project("{FAE04EC0-301F-11D3-BF4B-00C04F79EFBC}") = "ComputerVisionSample.Windows", "ComputerVisionSample\ComputerVisionSample.Windows\ComputerVisionSample.Windows.csproj", "{28C8DCF7-0F96-4DC8-8BA5-DD157D049B8E}"
EndProject
Project("{FAE04EC0-301F-11D3-BF4B-00C04F79EFBC}") = "ComputerVisionSample", "ComputerVisionSample\ComputerVisionSample\ComputerVisionSample.csproj", "{8670B835-26C3-4566-AEFA-B3600B2ECDB4}"
EndProject
Global
	GlobalSection(SolutionConfigurationPlatforms) = preSolution
		Ad-Hoc|Any CPU = Ad-Hoc|Any CPU
		Ad-Hoc|ARM = Ad-Hoc|ARM
		Ad-Hoc|iPhone = Ad-Hoc|iPhone
		Ad-Hoc|iPhoneSimulator = Ad-Hoc|iPhoneSimulator
		Ad-Hoc|x64 = Ad-Hoc|x64
		Ad-Hoc|x86 = Ad-Hoc|x86
		AppStore|Any CPU = AppStore|Any CPU
		AppStore|ARM = AppStore|ARM
		AppStore|iPhone = AppStore|iPhone
		AppStore|iPhoneSimulator = AppStore|iPhoneSimulator
		AppStore|x64 = AppStore|x64
		AppStore|x86 = AppStore|x86
		Debug|Any CPU = Debug|Any CPU
		Debug|ARM = Debug|ARM
		Debug|iPhone = Debug|iPhone
		Debug|iPhoneSimulator = Debug|iPhoneSimulator
		Debug|x64 = Debug|x64
		Debug|x86 = Debug|x86
		Release|Any CPU = Release|Any CPU
		Release|ARM = Release|ARM
		Release|iPhone = Release|iPhone
		Release|iPhoneSimulator = Release|iPhoneSimulator
		Release|x64 = Release|x64
		Release|x86 = Release|x86
	EndGlobalSection
	GlobalSection(ProjectConfigurationPlatforms) = postSolution
		{47102B80-BD73-4B66-8C34-0AE7A2B2C612}.Ad-Hoc|Any CPU.ActiveCfg = Release|Any CPU
		{47102B80-BD73-4B66-8C34-0AE7A2B2C612}.Ad-Hoc|Any CPU.Build.0 = Release|Any CPU
		{47102B80-BD73-4B66-8C34-0AE7A2B2C612}.Ad-Hoc|Any CPU.Deploy.0 = Release|Any CPU
		{47102B80-BD73-4B66-8C34-0AE7A2B2C612}.Ad-Hoc|ARM.ActiveCfg = Release|Any CPU
		{47102B80-BD73-4B66-8C34-0AE7A2B2C612}.Ad-Hoc|ARM.Build.0 = Release|Any CPU
		{47102B80-BD73-4B66-8C34-0AE7A2B2C612}.Ad-Hoc|ARM.Deploy.0 = Release|Any CPU
		{47102B80-BD73-4B66-8C34-0AE7A2B2C612}.Ad-Hoc|iPhone.ActiveCfg = Release|Any CPU
		{47102B80-BD73-4B66-8C34-0AE7A2B2C612}.Ad-Hoc|iPhone.Build.0 = Release|Any CPU
		{47102B80-BD73-4B66-8C34-0AE7A2B2C612}.Ad-Hoc|iPhone.Deploy.0 = Release|Any CPU
		{47102B80-BD73-4B66-8C34-0AE7A2B2C612}.Ad-Hoc|iPhoneSimulator.ActiveCfg = Release|Any CPU
		{47102B80-BD73-4B66-8C34-0AE7A2B2C612}.Ad-Hoc|iPhoneSimulator.Build.0 = Release|Any CPU
		{47102B80-BD73-4B66-8C34-0AE7A2B2C612}.Ad-Hoc|iPhoneSimulator.Deploy.0 = Release|Any CPU
		{47102B80-BD73-4B66-8C34-0AE7A2B2C612}.Ad-Hoc|x64.ActiveCfg = Release|Any CPU
		{47102B80-BD73-4B66-8C34-0AE7A2B2C612}.Ad-Hoc|x64.Build.0 = Release|Any CPU
		{47102B80-BD73-4B66-8C34-0AE7A2B2C612}.Ad-Hoc|x64.Deploy.0 = Release|Any CPU
		{47102B80-BD73-4B66-8C34-0AE7A2B2C612}.Ad-Hoc|x86.ActiveCfg = Release|Any CPU
		{47102B80-BD73-4B66-8C34-0AE7A2B2C612}.Ad-Hoc|x86.Build.0 = Release|Any CPU
		{47102B80-BD73-4B66-8C34-0AE7A2B2C612}.Ad-Hoc|x86.Deploy.0 = Release|Any CPU
		{47102B80-BD73-4B66-8C34-0AE7A2B2C612}.AppStore|Any CPU.ActiveCfg = Release|Any CPU
		{47102B80-BD73-4B66-8C34-0AE7A2B2C612}.AppStore|Any CPU.Build.0 = Release|Any CPU
		{47102B80-BD73-4B66-8C34-0AE7A2B2C612}.AppStore|Any CPU.Deploy.0 = Release|Any CPU
		{47102B80-BD73-4B66-8C34-0AE7A2B2C612}.AppStore|ARM.ActiveCfg = Release|Any CPU
		{47102B80-BD73-4B66-8C34-0AE7A2B2C612}.AppStore|ARM.Build.0 = Release|Any CPU
		{47102B80-BD73-4B66-8C34-0AE7A2B2C612}.AppStore|ARM.Deploy.0 = Release|Any CPU
		{47102B80-BD73-4B66-8C34-0AE7A2B2C612}.AppStore|iPhone.ActiveCfg = Release|Any CPU
		{47102B80-BD73-4B66-8C34-0AE7A2B2C612}.AppStore|iPhone.Build.0 = Release|Any CPU
		{47102B80-BD73-4B66-8C34-0AE7A2B2C612}.AppStore|iPhone.Deploy.0 = Release|Any CPU
		{47102B80-BD73-4B66-8C34-0AE7A2B2C612}.AppStore|iPhoneSimulator.ActiveCfg = Release|Any CPU
		{47102B80-BD73-4B66-8C34-0AE7A2B2C612}.AppStore|iPhoneSimulator.Build.0 = Release|Any CPU
		{47102B80-BD73-4B66-8C34-0AE7A2B2C612}.AppStore|iPhoneSimulator.Deploy.0 = Release|Any CPU
		{47102B80-BD73-4B66-8C34-0AE7A2B2C612}.AppStore|x64.ActiveCfg = Release|Any CPU
		{47102B80-BD73-4B66-8C34-0AE7A2B2C612}.AppStore|x64.Build.0 = Release|Any CPU
		{47102B80-BD73-4B66-8C34-0AE7A2B2C612}.AppStore|x64.Deploy.0 = Release|Any CPU
		{47102B80-BD73-4B66-8C34-0AE7A2B2C612}.AppStore|x86.ActiveCfg = Release|Any CPU
		{47102B80-BD73-4B66-8C34-0AE7A2B2C612}.AppStore|x86.Build.0 = Release|Any CPU
		{47102B80-BD73-4B66-8C34-0AE7A2B2C612}.AppStore|x86.Deploy.0 = Release|Any CPU
		{47102B80-BD73-4B66-8C34-0AE7A2B2C612}.Debug|Any CPU.ActiveCfg = Debug|Any CPU
		{47102B80-BD73-4B66-8C34-0AE7A2B2C612}.Debug|Any CPU.Build.0 = Debug|Any CPU
		{47102B80-BD73-4B66-8C34-0AE7A2B2C612}.Debug|Any CPU.Deploy.0 = Debug|Any CPU
		{47102B80-BD73-4B66-8C34-0AE7A2B2C612}.Debug|ARM.ActiveCfg = Debug|Any CPU
		{47102B80-BD73-4B66-8C34-0AE7A2B2C612}.Debug|ARM.Build.0 = Debug|Any CPU
		{47102B80-BD73-4B66-8C34-0AE7A2B2C612}.Debug|ARM.Deploy.0 = Debug|Any CPU
		{47102B80-BD73-4B66-8C34-0AE7A2B2C612}.Debug|iPhone.ActiveCfg = Debug|Any CPU
		{47102B80-BD73-4B66-8C34-0AE7A2B2C612}.Debug|iPhone.Build.0 = Debug|Any CPU
		{47102B80-BD73-4B66-8C34-0AE7A2B2C612}.Debug|iPhone.Deploy.0 = Debug|Any CPU
		{47102B80-BD73-4B66-8C34-0AE7A2B2C612}.Debug|iPhoneSimulator.ActiveCfg = Debug|Any CPU
		{47102B80-BD73-4B66-8C34-0AE7A2B2C612}.Debug|iPhoneSimulator.Build.0 = Debug|Any CPU
		{47102B80-BD73-4B66-8C34-0AE7A2B2C612}.Debug|iPhoneSimulator.Deploy.0 = Debug|Any CPU
		{47102B80-BD73-4B66-8C34-0AE7A2B2C612}.Debug|x64.ActiveCfg = Debug|Any CPU
		{47102B80-BD73-4B66-8C34-0AE7A2B2C612}.Debug|x64.Build.0 = Debug|Any CPU
		{47102B80-BD73-4B66-8C34-0AE7A2B2C612}.Debug|x64.Deploy.0 = Debug|Any CPU
		{47102B80-BD73-4B66-8C34-0AE7A2B2C612}.Debug|x86.ActiveCfg = Debug|Any CPU
		{47102B80-BD73-4B66-8C34-0AE7A2B2C612}.Debug|x86.Build.0 = Debug|Any CPU
		{47102B80-BD73-4B66-8C34-0AE7A2B2C612}.Debug|x86.Deploy.0 = Debug|Any CPU
		{47102B80-BD73-4B66-8C34-0AE7A2B2C612}.Release|Any CPU.ActiveCfg = Release|Any CPU
		{47102B80-BD73-4B66-8C34-0AE7A2B2C612}.Release|Any CPU.Build.0 = Release|Any CPU
		{47102B80-BD73-4B66-8C34-0AE7A2B2C612}.Release|Any CPU.Deploy.0 = Release|Any CPU
		{47102B80-BD73-4B66-8C34-0AE7A2B2C612}.Release|ARM.ActiveCfg = Release|Any CPU
		{47102B80-BD73-4B66-8C34-0AE7A2B2C612}.Release|ARM.Build.0 = Release|Any CPU
		{47102B80-BD73-4B66-8C34-0AE7A2B2C612}.Release|ARM.Deploy.0 = Release|Any CPU
		{47102B80-BD73-4B66-8C34-0AE7A2B2C612}.Release|iPhone.ActiveCfg = Release|Any CPU
		{47102B80-BD73-4B66-8C34-0AE7A2B2C612}.Release|iPhone.Build.0 = Release|Any CPU
		{47102B80-BD73-4B66-8C34-0AE7A2B2C612}.Release|iPhone.Deploy.0 = Release|Any CPU
		{47102B80-BD73-4B66-8C34-0AE7A2B2C612}.Release|iPhoneSimulator.ActiveCfg = Release|Any CPU
		{47102B80-BD73-4B66-8C34-0AE7A2B2C612}.Release|iPhoneSimulator.Build.0 = Release|Any CPU
		{47102B80-BD73-4B66-8C34-0AE7A2B2C612}.Release|iPhoneSimulator.Deploy.0 = Release|Any CPU
		{47102B80-BD73-4B66-8C34-0AE7A2B2C612}.Release|x64.ActiveCfg = Release|Any CPU
		{47102B80-BD73-4B66-8C34-0AE7A2B2C612}.Release|x64.Build.0 = Release|Any CPU
		{47102B80-BD73-4B66-8C34-0AE7A2B2C612}.Release|x64.Deploy.0 = Release|Any CPU
		{47102B80-BD73-4B66-8C34-0AE7A2B2C612}.Release|x86.ActiveCfg = Release|Any CPU
		{47102B80-BD73-4B66-8C34-0AE7A2B2C612}.Release|x86.Build.0 = Release|Any CPU
		{47102B80-BD73-4B66-8C34-0AE7A2B2C612}.Release|x86.Deploy.0 = Release|Any CPU
		{4910A0F9-ABF7-493A-ABE5-1923A27ACBB0}.Ad-Hoc|Any CPU.ActiveCfg = Ad-Hoc|iPhone
		{4910A0F9-ABF7-493A-ABE5-1923A27ACBB0}.Ad-Hoc|ARM.ActiveCfg = Ad-Hoc|iPhone
		{4910A0F9-ABF7-493A-ABE5-1923A27ACBB0}.Ad-Hoc|iPhone.ActiveCfg = Ad-Hoc|iPhone
		{4910A0F9-ABF7-493A-ABE5-1923A27ACBB0}.Ad-Hoc|iPhone.Build.0 = Ad-Hoc|iPhone
		{4910A0F9-ABF7-493A-ABE5-1923A27ACBB0}.Ad-Hoc|iPhoneSimulator.ActiveCfg = Ad-Hoc|iPhoneSimulator
		{4910A0F9-ABF7-493A-ABE5-1923A27ACBB0}.Ad-Hoc|iPhoneSimulator.Build.0 = Ad-Hoc|iPhoneSimulator
		{4910A0F9-ABF7-493A-ABE5-1923A27ACBB0}.Ad-Hoc|x64.ActiveCfg = Ad-Hoc|iPhone
		{4910A0F9-ABF7-493A-ABE5-1923A27ACBB0}.Ad-Hoc|x86.ActiveCfg = Ad-Hoc|iPhone
		{4910A0F9-ABF7-493A-ABE5-1923A27ACBB0}.AppStore|Any CPU.ActiveCfg = AppStore|iPhone
		{4910A0F9-ABF7-493A-ABE5-1923A27ACBB0}.AppStore|ARM.ActiveCfg = AppStore|iPhone
		{4910A0F9-ABF7-493A-ABE5-1923A27ACBB0}.AppStore|iPhone.ActiveCfg = AppStore|iPhone
		{4910A0F9-ABF7-493A-ABE5-1923A27ACBB0}.AppStore|iPhone.Build.0 = AppStore|iPhone
		{4910A0F9-ABF7-493A-ABE5-1923A27ACBB0}.AppStore|iPhoneSimulator.ActiveCfg = AppStore|iPhoneSimulator
		{4910A0F9-ABF7-493A-ABE5-1923A27ACBB0}.AppStore|iPhoneSimulator.Build.0 = AppStore|iPhoneSimulator
		{4910A0F9-ABF7-493A-ABE5-1923A27ACBB0}.AppStore|x64.ActiveCfg = AppStore|iPhone
		{4910A0F9-ABF7-493A-ABE5-1923A27ACBB0}.AppStore|x86.ActiveCfg = AppStore|iPhone
		{4910A0F9-ABF7-493A-ABE5-1923A27ACBB0}.Debug|Any CPU.ActiveCfg = Debug|iPhone
		{4910A0F9-ABF7-493A-ABE5-1923A27ACBB0}.Debug|ARM.ActiveCfg = Debug|iPhone
		{4910A0F9-ABF7-493A-ABE5-1923A27ACBB0}.Debug|iPhone.ActiveCfg = Debug|iPhone
		{4910A0F9-ABF7-493A-ABE5-1923A27ACBB0}.Debug|iPhone.Build.0 = Debug|iPhone
		{4910A0F9-ABF7-493A-ABE5-1923A27ACBB0}.Debug|iPhoneSimulator.ActiveCfg = Debug|iPhoneSimulator
		{4910A0F9-ABF7-493A-ABE5-1923A27ACBB0}.Debug|iPhoneSimulator.Build.0 = Debug|iPhoneSimulator
		{4910A0F9-ABF7-493A-ABE5-1923A27ACBB0}.Debug|x64.ActiveCfg = Debug|iPhone
		{4910A0F9-ABF7-493A-ABE5-1923A27ACBB0}.Debug|x86.ActiveCfg = Debug|iPhone
		{4910A0F9-ABF7-493A-ABE5-1923A27ACBB0}.Release|Any CPU.ActiveCfg = Release|iPhone
		{4910A0F9-ABF7-493A-ABE5-1923A27ACBB0}.Release|ARM.ActiveCfg = Release|iPhone
		{4910A0F9-ABF7-493A-ABE5-1923A27ACBB0}.Release|iPhone.ActiveCfg = Release|iPhone
		{4910A0F9-ABF7-493A-ABE5-1923A27ACBB0}.Release|iPhone.Build.0 = Release|iPhone
		{4910A0F9-ABF7-493A-ABE5-1923A27ACBB0}.Release|iPhoneSimulator.ActiveCfg = Release|iPhoneSimulator
		{4910A0F9-ABF7-493A-ABE5-1923A27ACBB0}.Release|iPhoneSimulator.Build.0 = Release|iPhoneSimulator
		{4910A0F9-ABF7-493A-ABE5-1923A27ACBB0}.Release|x64.ActiveCfg = Release|iPhone
		{4910A0F9-ABF7-493A-ABE5-1923A27ACBB0}.Release|x86.ActiveCfg = Release|iPhone
		{BCFFB09C-F4A8-42CC-A753-6354B4416F89}.Ad-Hoc|Any CPU.ActiveCfg = Release|Any CPU
		{BCFFB09C-F4A8-42CC-A753-6354B4416F89}.Ad-Hoc|Any CPU.Build.0 = Release|Any CPU
		{BCFFB09C-F4A8-42CC-A753-6354B4416F89}.Ad-Hoc|Any CPU.Deploy.0 = Release|Any CPU
		{BCFFB09C-F4A8-42CC-A753-6354B4416F89}.Ad-Hoc|ARM.ActiveCfg = Release|ARM
		{BCFFB09C-F4A8-42CC-A753-6354B4416F89}.Ad-Hoc|ARM.Build.0 = Release|ARM
		{BCFFB09C-F4A8-42CC-A753-6354B4416F89}.Ad-Hoc|ARM.Deploy.0 = Release|ARM
		{BCFFB09C-F4A8-42CC-A753-6354B4416F89}.Ad-Hoc|iPhone.ActiveCfg = Release|Any CPU
		{BCFFB09C-F4A8-42CC-A753-6354B4416F89}.Ad-Hoc|iPhone.Build.0 = Release|Any CPU
		{BCFFB09C-F4A8-42CC-A753-6354B4416F89}.Ad-Hoc|iPhone.Deploy.0 = Release|Any CPU
		{BCFFB09C-F4A8-42CC-A753-6354B4416F89}.Ad-Hoc|iPhoneSimulator.ActiveCfg = Release|Any CPU
		{BCFFB09C-F4A8-42CC-A753-6354B4416F89}.Ad-Hoc|iPhoneSimulator.Build.0 = Release|Any CPU
		{BCFFB09C-F4A8-42CC-A753-6354B4416F89}.Ad-Hoc|iPhoneSimulator.Deploy.0 = Release|Any CPU
		{BCFFB09C-F4A8-42CC-A753-6354B4416F89}.Ad-Hoc|x64.ActiveCfg = Release|Any CPU
		{BCFFB09C-F4A8-42CC-A753-6354B4416F89}.Ad-Hoc|x64.Build.0 = Release|Any CPU
		{BCFFB09C-F4A8-42CC-A753-6354B4416F89}.Ad-Hoc|x64.Deploy.0 = Release|Any CPU
		{BCFFB09C-F4A8-42CC-A753-6354B4416F89}.Ad-Hoc|x86.ActiveCfg = Release|x86
		{BCFFB09C-F4A8-42CC-A753-6354B4416F89}.Ad-Hoc|x86.Build.0 = Release|x86
		{BCFFB09C-F4A8-42CC-A753-6354B4416F89}.Ad-Hoc|x86.Deploy.0 = Release|x86
		{BCFFB09C-F4A8-42CC-A753-6354B4416F89}.AppStore|Any CPU.ActiveCfg = Release|Any CPU
		{BCFFB09C-F4A8-42CC-A753-6354B4416F89}.AppStore|Any CPU.Build.0 = Release|Any CPU
		{BCFFB09C-F4A8-42CC-A753-6354B4416F89}.AppStore|Any CPU.Deploy.0 = Release|Any CPU
		{BCFFB09C-F4A8-42CC-A753-6354B4416F89}.AppStore|ARM.ActiveCfg = Release|ARM
		{BCFFB09C-F4A8-42CC-A753-6354B4416F89}.AppStore|ARM.Build.0 = Release|ARM
		{BCFFB09C-F4A8-42CC-A753-6354B4416F89}.AppStore|ARM.Deploy.0 = Release|ARM
		{BCFFB09C-F4A8-42CC-A753-6354B4416F89}.AppStore|iPhone.ActiveCfg = Release|Any CPU
		{BCFFB09C-F4A8-42CC-A753-6354B4416F89}.AppStore|iPhone.Build.0 = Release|Any CPU
		{BCFFB09C-F4A8-42CC-A753-6354B4416F89}.AppStore|iPhone.Deploy.0 = Release|Any CPU
		{BCFFB09C-F4A8-42CC-A753-6354B4416F89}.AppStore|iPhoneSimulator.ActiveCfg = Release|Any CPU
		{BCFFB09C-F4A8-42CC-A753-6354B4416F89}.AppStore|iPhoneSimulator.Build.0 = Release|Any CPU
		{BCFFB09C-F4A8-42CC-A753-6354B4416F89}.AppStore|iPhoneSimulator.Deploy.0 = Release|Any CPU
		{BCFFB09C-F4A8-42CC-A753-6354B4416F89}.AppStore|x64.ActiveCfg = Release|Any CPU
		{BCFFB09C-F4A8-42CC-A753-6354B4416F89}.AppStore|x64.Build.0 = Release|Any CPU
		{BCFFB09C-F4A8-42CC-A753-6354B4416F89}.AppStore|x64.Deploy.0 = Release|Any CPU
		{BCFFB09C-F4A8-42CC-A753-6354B4416F89}.AppStore|x86.ActiveCfg = Release|x86
		{BCFFB09C-F4A8-42CC-A753-6354B4416F89}.AppStore|x86.Build.0 = Release|x86
		{BCFFB09C-F4A8-42CC-A753-6354B4416F89}.AppStore|x86.Deploy.0 = Release|x86
		{BCFFB09C-F4A8-42CC-A753-6354B4416F89}.Debug|Any CPU.ActiveCfg = Debug|Any CPU
		{BCFFB09C-F4A8-42CC-A753-6354B4416F89}.Debug|ARM.ActiveCfg = Debug|ARM
		{BCFFB09C-F4A8-42CC-A753-6354B4416F89}.Debug|ARM.Build.0 = Debug|ARM
		{BCFFB09C-F4A8-42CC-A753-6354B4416F89}.Debug|ARM.Deploy.0 = Debug|ARM
		{BCFFB09C-F4A8-42CC-A753-6354B4416F89}.Debug|iPhone.ActiveCfg = Debug|Any CPU
		{BCFFB09C-F4A8-42CC-A753-6354B4416F89}.Debug|iPhone.Build.0 = Debug|Any CPU
		{BCFFB09C-F4A8-42CC-A753-6354B4416F89}.Debug|iPhone.Deploy.0 = Debug|Any CPU
		{BCFFB09C-F4A8-42CC-A753-6354B4416F89}.Debug|iPhoneSimulator.ActiveCfg = Debug|Any CPU
		{BCFFB09C-F4A8-42CC-A753-6354B4416F89}.Debug|iPhoneSimulator.Build.0 = Debug|Any CPU
		{BCFFB09C-F4A8-42CC-A753-6354B4416F89}.Debug|iPhoneSimulator.Deploy.0 = Debug|Any CPU
		{BCFFB09C-F4A8-42CC-A753-6354B4416F89}.Debug|x64.ActiveCfg = Debug|Any CPU
		{BCFFB09C-F4A8-42CC-A753-6354B4416F89}.Debug|x64.Build.0 = Debug|Any CPU
		{BCFFB09C-F4A8-42CC-A753-6354B4416F89}.Debug|x64.Deploy.0 = Debug|Any CPU
		{BCFFB09C-F4A8-42CC-A753-6354B4416F89}.Debug|x86.ActiveCfg = Debug|x86
		{BCFFB09C-F4A8-42CC-A753-6354B4416F89}.Debug|x86.Build.0 = Debug|x86
		{BCFFB09C-F4A8-42CC-A753-6354B4416F89}.Debug|x86.Deploy.0 = Debug|x86
		{BCFFB09C-F4A8-42CC-A753-6354B4416F89}.Release|Any CPU.ActiveCfg = Release|Any CPU
		{BCFFB09C-F4A8-42CC-A753-6354B4416F89}.Release|Any CPU.Build.0 = Release|Any CPU
		{BCFFB09C-F4A8-42CC-A753-6354B4416F89}.Release|Any CPU.Deploy.0 = Release|Any CPU
		{BCFFB09C-F4A8-42CC-A753-6354B4416F89}.Release|ARM.ActiveCfg = Release|ARM
		{BCFFB09C-F4A8-42CC-A753-6354B4416F89}.Release|ARM.Build.0 = Release|ARM
		{BCFFB09C-F4A8-42CC-A753-6354B4416F89}.Release|ARM.Deploy.0 = Release|ARM
		{BCFFB09C-F4A8-42CC-A753-6354B4416F89}.Release|iPhone.ActiveCfg = Release|Any CPU
		{BCFFB09C-F4A8-42CC-A753-6354B4416F89}.Release|iPhone.Build.0 = Release|Any CPU
		{BCFFB09C-F4A8-42CC-A753-6354B4416F89}.Release|iPhone.Deploy.0 = Release|Any CPU
		{BCFFB09C-F4A8-42CC-A753-6354B4416F89}.Release|iPhoneSimulator.ActiveCfg = Release|Any CPU
		{BCFFB09C-F4A8-42CC-A753-6354B4416F89}.Release|iPhoneSimulator.Build.0 = Release|Any CPU
		{BCFFB09C-F4A8-42CC-A753-6354B4416F89}.Release|iPhoneSimulator.Deploy.0 = Release|Any CPU
		{BCFFB09C-F4A8-42CC-A753-6354B4416F89}.Release|x64.ActiveCfg = Release|Any CPU
		{BCFFB09C-F4A8-42CC-A753-6354B4416F89}.Release|x64.Build.0 = Release|Any CPU
		{BCFFB09C-F4A8-42CC-A753-6354B4416F89}.Release|x64.Deploy.0 = Release|Any CPU
		{BCFFB09C-F4A8-42CC-A753-6354B4416F89}.Release|x86.ActiveCfg = Release|x86
		{BCFFB09C-F4A8-42CC-A753-6354B4416F89}.Release|x86.Build.0 = Release|x86
		{BCFFB09C-F4A8-42CC-A753-6354B4416F89}.Release|x86.Deploy.0 = Release|x86
		{70DD78C0-CE50-40EA-BC6C-3AF60B0A941B}.Ad-Hoc|Any CPU.ActiveCfg = Release|x86
		{70DD78C0-CE50-40EA-BC6C-3AF60B0A941B}.Ad-Hoc|Any CPU.Build.0 = Release|x86
		{70DD78C0-CE50-40EA-BC6C-3AF60B0A941B}.Ad-Hoc|Any CPU.Deploy.0 = Release|x86
		{70DD78C0-CE50-40EA-BC6C-3AF60B0A941B}.Ad-Hoc|ARM.ActiveCfg = Release|ARM
		{70DD78C0-CE50-40EA-BC6C-3AF60B0A941B}.Ad-Hoc|ARM.Build.0 = Release|ARM
		{70DD78C0-CE50-40EA-BC6C-3AF60B0A941B}.Ad-Hoc|ARM.Deploy.0 = Release|ARM
		{70DD78C0-CE50-40EA-BC6C-3AF60B0A941B}.Ad-Hoc|iPhone.ActiveCfg = Release|x86
		{70DD78C0-CE50-40EA-BC6C-3AF60B0A941B}.Ad-Hoc|iPhone.Build.0 = Release|x86
		{70DD78C0-CE50-40EA-BC6C-3AF60B0A941B}.Ad-Hoc|iPhone.Deploy.0 = Release|x86
		{70DD78C0-CE50-40EA-BC6C-3AF60B0A941B}.Ad-Hoc|iPhoneSimulator.ActiveCfg = Release|x86
		{70DD78C0-CE50-40EA-BC6C-3AF60B0A941B}.Ad-Hoc|iPhoneSimulator.Build.0 = Release|x86
		{70DD78C0-CE50-40EA-BC6C-3AF60B0A941B}.Ad-Hoc|iPhoneSimulator.Deploy.0 = Release|x86
		{70DD78C0-CE50-40EA-BC6C-3AF60B0A941B}.Ad-Hoc|x64.ActiveCfg = Release|x64
		{70DD78C0-CE50-40EA-BC6C-3AF60B0A941B}.Ad-Hoc|x64.Build.0 = Release|x64
		{70DD78C0-CE50-40EA-BC6C-3AF60B0A941B}.Ad-Hoc|x64.Deploy.0 = Release|x64
		{70DD78C0-CE50-40EA-BC6C-3AF60B0A941B}.Ad-Hoc|x86.ActiveCfg = Release|x86
		{70DD78C0-CE50-40EA-BC6C-3AF60B0A941B}.Ad-Hoc|x86.Build.0 = Release|x86
		{70DD78C0-CE50-40EA-BC6C-3AF60B0A941B}.Ad-Hoc|x86.Deploy.0 = Release|x86
		{70DD78C0-CE50-40EA-BC6C-3AF60B0A941B}.AppStore|Any CPU.ActiveCfg = Release|x86
		{70DD78C0-CE50-40EA-BC6C-3AF60B0A941B}.AppStore|Any CPU.Build.0 = Release|x86
		{70DD78C0-CE50-40EA-BC6C-3AF60B0A941B}.AppStore|Any CPU.Deploy.0 = Release|x86
		{70DD78C0-CE50-40EA-BC6C-3AF60B0A941B}.AppStore|ARM.ActiveCfg = Release|ARM
		{70DD78C0-CE50-40EA-BC6C-3AF60B0A941B}.AppStore|ARM.Build.0 = Release|ARM
		{70DD78C0-CE50-40EA-BC6C-3AF60B0A941B}.AppStore|ARM.Deploy.0 = Release|ARM
		{70DD78C0-CE50-40EA-BC6C-3AF60B0A941B}.AppStore|iPhone.ActiveCfg = Release|x86
		{70DD78C0-CE50-40EA-BC6C-3AF60B0A941B}.AppStore|iPhone.Build.0 = Release|x86
		{70DD78C0-CE50-40EA-BC6C-3AF60B0A941B}.AppStore|iPhone.Deploy.0 = Release|x86
		{70DD78C0-CE50-40EA-BC6C-3AF60B0A941B}.AppStore|iPhoneSimulator.ActiveCfg = Release|x86
		{70DD78C0-CE50-40EA-BC6C-3AF60B0A941B}.AppStore|iPhoneSimulator.Build.0 = Release|x86
		{70DD78C0-CE50-40EA-BC6C-3AF60B0A941B}.AppStore|iPhoneSimulator.Deploy.0 = Release|x86
		{70DD78C0-CE50-40EA-BC6C-3AF60B0A941B}.AppStore|x64.ActiveCfg = Release|x64
		{70DD78C0-CE50-40EA-BC6C-3AF60B0A941B}.AppStore|x64.Build.0 = Release|x64
		{70DD78C0-CE50-40EA-BC6C-3AF60B0A941B}.AppStore|x64.Deploy.0 = Release|x64
		{70DD78C0-CE50-40EA-BC6C-3AF60B0A941B}.AppStore|x86.ActiveCfg = Release|x86
		{70DD78C0-CE50-40EA-BC6C-3AF60B0A941B}.AppStore|x86.Build.0 = Release|x86
		{70DD78C0-CE50-40EA-BC6C-3AF60B0A941B}.AppStore|x86.Deploy.0 = Release|x86
		{70DD78C0-CE50-40EA-BC6C-3AF60B0A941B}.Debug|Any CPU.ActiveCfg = Debug|x86
		{70DD78C0-CE50-40EA-BC6C-3AF60B0A941B}.Debug|Any CPU.Build.0 = Debug|x86
		{70DD78C0-CE50-40EA-BC6C-3AF60B0A941B}.Debug|Any CPU.Deploy.0 = Debug|x86
		{70DD78C0-CE50-40EA-BC6C-3AF60B0A941B}.Debug|ARM.ActiveCfg = Debug|ARM
		{70DD78C0-CE50-40EA-BC6C-3AF60B0A941B}.Debug|ARM.Build.0 = Debug|ARM
		{70DD78C0-CE50-40EA-BC6C-3AF60B0A941B}.Debug|ARM.Deploy.0 = Debug|ARM
		{70DD78C0-CE50-40EA-BC6C-3AF60B0A941B}.Debug|iPhone.ActiveCfg = Debug|x86
		{70DD78C0-CE50-40EA-BC6C-3AF60B0A941B}.Debug|iPhoneSimulator.ActiveCfg = Debug|x86
		{70DD78C0-CE50-40EA-BC6C-3AF60B0A941B}.Debug|x64.ActiveCfg = Debug|x64
		{70DD78C0-CE50-40EA-BC6C-3AF60B0A941B}.Debug|x64.Build.0 = Debug|x64
		{70DD78C0-CE50-40EA-BC6C-3AF60B0A941B}.Debug|x64.Deploy.0 = Debug|x64
		{70DD78C0-CE50-40EA-BC6C-3AF60B0A941B}.Debug|x86.ActiveCfg = Debug|x86
		{70DD78C0-CE50-40EA-BC6C-3AF60B0A941B}.Debug|x86.Build.0 = Debug|x86
		{70DD78C0-CE50-40EA-BC6C-3AF60B0A941B}.Debug|x86.Deploy.0 = Debug|x86
		{70DD78C0-CE50-40EA-BC6C-3AF60B0A941B}.Release|Any CPU.ActiveCfg = Release|x86
		{70DD78C0-CE50-40EA-BC6C-3AF60B0A941B}.Release|ARM.ActiveCfg = Release|ARM
		{70DD78C0-CE50-40EA-BC6C-3AF60B0A941B}.Release|ARM.Build.0 = Release|ARM
		{70DD78C0-CE50-40EA-BC6C-3AF60B0A941B}.Release|ARM.Deploy.0 = Release|ARM
		{70DD78C0-CE50-40EA-BC6C-3AF60B0A941B}.Release|iPhone.ActiveCfg = Release|x86
		{70DD78C0-CE50-40EA-BC6C-3AF60B0A941B}.Release|iPhoneSimulator.ActiveCfg = Release|x86
		{70DD78C0-CE50-40EA-BC6C-3AF60B0A941B}.Release|x64.ActiveCfg = Release|x64
		{70DD78C0-CE50-40EA-BC6C-3AF60B0A941B}.Release|x64.Build.0 = Release|x64
		{70DD78C0-CE50-40EA-BC6C-3AF60B0A941B}.Release|x64.Deploy.0 = Release|x64
		{70DD78C0-CE50-40EA-BC6C-3AF60B0A941B}.Release|x86.ActiveCfg = Release|x86
		{70DD78C0-CE50-40EA-BC6C-3AF60B0A941B}.Release|x86.Build.0 = Release|x86
		{70DD78C0-CE50-40EA-BC6C-3AF60B0A941B}.Release|x86.Deploy.0 = Release|x86
		{28C8DCF7-0F96-4DC8-8BA5-DD157D049B8E}.Ad-Hoc|Any CPU.ActiveCfg = Release|Any CPU
		{28C8DCF7-0F96-4DC8-8BA5-DD157D049B8E}.Ad-Hoc|Any CPU.Build.0 = Release|Any CPU
		{28C8DCF7-0F96-4DC8-8BA5-DD157D049B8E}.Ad-Hoc|Any CPU.Deploy.0 = Release|Any CPU
		{28C8DCF7-0F96-4DC8-8BA5-DD157D049B8E}.Ad-Hoc|ARM.ActiveCfg = Release|ARM
		{28C8DCF7-0F96-4DC8-8BA5-DD157D049B8E}.Ad-Hoc|ARM.Build.0 = Release|ARM
		{28C8DCF7-0F96-4DC8-8BA5-DD157D049B8E}.Ad-Hoc|ARM.Deploy.0 = Release|ARM
		{28C8DCF7-0F96-4DC8-8BA5-DD157D049B8E}.Ad-Hoc|iPhone.ActiveCfg = Release|Any CPU
		{28C8DCF7-0F96-4DC8-8BA5-DD157D049B8E}.Ad-Hoc|iPhone.Build.0 = Release|Any CPU
		{28C8DCF7-0F96-4DC8-8BA5-DD157D049B8E}.Ad-Hoc|iPhone.Deploy.0 = Release|Any CPU
		{28C8DCF7-0F96-4DC8-8BA5-DD157D049B8E}.Ad-Hoc|iPhoneSimulator.ActiveCfg = Release|Any CPU
		{28C8DCF7-0F96-4DC8-8BA5-DD157D049B8E}.Ad-Hoc|iPhoneSimulator.Build.0 = Release|Any CPU
		{28C8DCF7-0F96-4DC8-8BA5-DD157D049B8E}.Ad-Hoc|iPhoneSimulator.Deploy.0 = Release|Any CPU
		{28C8DCF7-0F96-4DC8-8BA5-DD157D049B8E}.Ad-Hoc|x64.ActiveCfg = Release|x64
		{28C8DCF7-0F96-4DC8-8BA5-DD157D049B8E}.Ad-Hoc|x64.Build.0 = Release|x64
		{28C8DCF7-0F96-4DC8-8BA5-DD157D049B8E}.Ad-Hoc|x64.Deploy.0 = Release|x64
		{28C8DCF7-0F96-4DC8-8BA5-DD157D049B8E}.Ad-Hoc|x86.ActiveCfg = Release|x86
		{28C8DCF7-0F96-4DC8-8BA5-DD157D049B8E}.Ad-Hoc|x86.Build.0 = Release|x86
		{28C8DCF7-0F96-4DC8-8BA5-DD157D049B8E}.Ad-Hoc|x86.Deploy.0 = Release|x86
		{28C8DCF7-0F96-4DC8-8BA5-DD157D049B8E}.AppStore|Any CPU.ActiveCfg = Release|Any CPU
		{28C8DCF7-0F96-4DC8-8BA5-DD157D049B8E}.AppStore|Any CPU.Build.0 = Release|Any CPU
		{28C8DCF7-0F96-4DC8-8BA5-DD157D049B8E}.AppStore|Any CPU.Deploy.0 = Release|Any CPU
		{28C8DCF7-0F96-4DC8-8BA5-DD157D049B8E}.AppStore|ARM.ActiveCfg = Release|ARM
		{28C8DCF7-0F96-4DC8-8BA5-DD157D049B8E}.AppStore|ARM.Build.0 = Release|ARM
		{28C8DCF7-0F96-4DC8-8BA5-DD157D049B8E}.AppStore|ARM.Deploy.0 = Release|ARM
		{28C8DCF7-0F96-4DC8-8BA5-DD157D049B8E}.AppStore|iPhone.ActiveCfg = Release|Any CPU
		{28C8DCF7-0F96-4DC8-8BA5-DD157D049B8E}.AppStore|iPhone.Build.0 = Release|Any CPU
		{28C8DCF7-0F96-4DC8-8BA5-DD157D049B8E}.AppStore|iPhone.Deploy.0 = Release|Any CPU
		{28C8DCF7-0F96-4DC8-8BA5-DD157D049B8E}.AppStore|iPhoneSimulator.ActiveCfg = Release|Any CPU
		{28C8DCF7-0F96-4DC8-8BA5-DD157D049B8E}.AppStore|iPhoneSimulator.Build.0 = Release|Any CPU
		{28C8DCF7-0F96-4DC8-8BA5-DD157D049B8E}.AppStore|iPhoneSimulator.Deploy.0 = Release|Any CPU
		{28C8DCF7-0F96-4DC8-8BA5-DD157D049B8E}.AppStore|x64.ActiveCfg = Release|x64
		{28C8DCF7-0F96-4DC8-8BA5-DD157D049B8E}.AppStore|x64.Build.0 = Release|x64
		{28C8DCF7-0F96-4DC8-8BA5-DD157D049B8E}.AppStore|x64.Deploy.0 = Release|x64
		{28C8DCF7-0F96-4DC8-8BA5-DD157D049B8E}.AppStore|x86.ActiveCfg = Release|x86
		{28C8DCF7-0F96-4DC8-8BA5-DD157D049B8E}.AppStore|x86.Build.0 = Release|x86
		{28C8DCF7-0F96-4DC8-8BA5-DD157D049B8E}.AppStore|x86.Deploy.0 = Release|x86
		{28C8DCF7-0F96-4DC8-8BA5-DD157D049B8E}.Debug|Any CPU.ActiveCfg = Debug|Any CPU
		{28C8DCF7-0F96-4DC8-8BA5-DD157D049B8E}.Debug|ARM.ActiveCfg = Debug|ARM
		{28C8DCF7-0F96-4DC8-8BA5-DD157D049B8E}.Debug|ARM.Build.0 = Debug|ARM
		{28C8DCF7-0F96-4DC8-8BA5-DD157D049B8E}.Debug|ARM.Deploy.0 = Debug|ARM
		{28C8DCF7-0F96-4DC8-8BA5-DD157D049B8E}.Debug|iPhone.ActiveCfg = Debug|Any CPU
		{28C8DCF7-0F96-4DC8-8BA5-DD157D049B8E}.Debug|iPhone.Build.0 = Debug|Any CPU
		{28C8DCF7-0F96-4DC8-8BA5-DD157D049B8E}.Debug|iPhone.Deploy.0 = Debug|Any CPU
		{28C8DCF7-0F96-4DC8-8BA5-DD157D049B8E}.Debug|iPhoneSimulator.ActiveCfg = Debug|Any CPU
		{28C8DCF7-0F96-4DC8-8BA5-DD157D049B8E}.Debug|iPhoneSimulator.Build.0 = Debug|Any CPU
		{28C8DCF7-0F96-4DC8-8BA5-DD157D049B8E}.Debug|iPhoneSimulator.Deploy.0 = Debug|Any CPU
		{28C8DCF7-0F96-4DC8-8BA5-DD157D049B8E}.Debug|x64.ActiveCfg = Debug|x64
		{28C8DCF7-0F96-4DC8-8BA5-DD157D049B8E}.Debug|x64.Build.0 = Debug|x64
		{28C8DCF7-0F96-4DC8-8BA5-DD157D049B8E}.Debug|x64.Deploy.0 = Debug|x64
		{28C8DCF7-0F96-4DC8-8BA5-DD157D049B8E}.Debug|x86.ActiveCfg = Debug|x86
		{28C8DCF7-0F96-4DC8-8BA5-DD157D049B8E}.Debug|x86.Build.0 = Debug|x86
		{28C8DCF7-0F96-4DC8-8BA5-DD157D049B8E}.Debug|x86.Deploy.0 = Debug|x86
		{28C8DCF7-0F96-4DC8-8BA5-DD157D049B8E}.Release|Any CPU.ActiveCfg = Release|Any CPU
		{28C8DCF7-0F96-4DC8-8BA5-DD157D049B8E}.Release|Any CPU.Build.0 = Release|Any CPU
		{28C8DCF7-0F96-4DC8-8BA5-DD157D049B8E}.Release|Any CPU.Deploy.0 = Release|Any CPU
		{28C8DCF7-0F96-4DC8-8BA5-DD157D049B8E}.Release|ARM.ActiveCfg = Release|ARM
		{28C8DCF7-0F96-4DC8-8BA5-DD157D049B8E}.Release|ARM.Build.0 = Release|ARM
		{28C8DCF7-0F96-4DC8-8BA5-DD157D049B8E}.Release|ARM.Deploy.0 = Release|ARM
		{28C8DCF7-0F96-4DC8-8BA5-DD157D049B8E}.Release|iPhone.ActiveCfg = Release|Any CPU
		{28C8DCF7-0F96-4DC8-8BA5-DD157D049B8E}.Release|iPhone.Build.0 = Release|Any CPU
		{28C8DCF7-0F96-4DC8-8BA5-DD157D049B8E}.Release|iPhone.Deploy.0 = Release|Any CPU
		{28C8DCF7-0F96-4DC8-8BA5-DD157D049B8E}.Release|iPhoneSimulator.ActiveCfg = Release|Any CPU
		{28C8DCF7-0F96-4DC8-8BA5-DD157D049B8E}.Release|iPhoneSimulator.Build.0 = Release|Any CPU
		{28C8DCF7-0F96-4DC8-8BA5-DD157D049B8E}.Release|iPhoneSimulator.Deploy.0 = Release|Any CPU
		{28C8DCF7-0F96-4DC8-8BA5-DD157D049B8E}.Release|x64.ActiveCfg = Release|x64
		{28C8DCF7-0F96-4DC8-8BA5-DD157D049B8E}.Release|x64.Build.0 = Release|x64
		{28C8DCF7-0F96-4DC8-8BA5-DD157D049B8E}.Release|x64.Deploy.0 = Release|x64
		{28C8DCF7-0F96-4DC8-8BA5-DD157D049B8E}.Release|x86.ActiveCfg = Release|x86
		{28C8DCF7-0F96-4DC8-8BA5-DD157D049B8E}.Release|x86.Build.0 = Release|x86
		{28C8DCF7-0F96-4DC8-8BA5-DD157D049B8E}.Release|x86.Deploy.0 = Release|x86
		{8670B835-26C3-4566-AEFA-B3600B2ECDB4}.Ad-Hoc|Any CPU.ActiveCfg = Release|Any CPU
		{8670B835-26C3-4566-AEFA-B3600B2ECDB4}.Ad-Hoc|Any CPU.Build.0 = Release|Any CPU
		{8670B835-26C3-4566-AEFA-B3600B2ECDB4}.Ad-Hoc|ARM.ActiveCfg = Release|Any CPU
		{8670B835-26C3-4566-AEFA-B3600B2ECDB4}.Ad-Hoc|ARM.Build.0 = Release|Any CPU
		{8670B835-26C3-4566-AEFA-B3600B2ECDB4}.Ad-Hoc|iPhone.ActiveCfg = Release|Any CPU
		{8670B835-26C3-4566-AEFA-B3600B2ECDB4}.Ad-Hoc|iPhone.Build.0 = Release|Any CPU
		{8670B835-26C3-4566-AEFA-B3600B2ECDB4}.Ad-Hoc|iPhoneSimulator.ActiveCfg = Release|Any CPU
		{8670B835-26C3-4566-AEFA-B3600B2ECDB4}.Ad-Hoc|iPhoneSimulator.Build.0 = Release|Any CPU
		{8670B835-26C3-4566-AEFA-B3600B2ECDB4}.Ad-Hoc|x64.ActiveCfg = Release|Any CPU
		{8670B835-26C3-4566-AEFA-B3600B2ECDB4}.Ad-Hoc|x64.Build.0 = Release|Any CPU
		{8670B835-26C3-4566-AEFA-B3600B2ECDB4}.Ad-Hoc|x86.ActiveCfg = Release|Any CPU
		{8670B835-26C3-4566-AEFA-B3600B2ECDB4}.Ad-Hoc|x86.Build.0 = Release|Any CPU
		{8670B835-26C3-4566-AEFA-B3600B2ECDB4}.AppStore|Any CPU.ActiveCfg = Release|Any CPU
		{8670B835-26C3-4566-AEFA-B3600B2ECDB4}.AppStore|Any CPU.Build.0 = Release|Any CPU
		{8670B835-26C3-4566-AEFA-B3600B2ECDB4}.AppStore|ARM.ActiveCfg = Release|Any CPU
		{8670B835-26C3-4566-AEFA-B3600B2ECDB4}.AppStore|ARM.Build.0 = Release|Any CPU
		{8670B835-26C3-4566-AEFA-B3600B2ECDB4}.AppStore|iPhone.ActiveCfg = Release|Any CPU
		{8670B835-26C3-4566-AEFA-B3600B2ECDB4}.AppStore|iPhone.Build.0 = Release|Any CPU
		{8670B835-26C3-4566-AEFA-B3600B2ECDB4}.AppStore|iPhoneSimulator.ActiveCfg = Release|Any CPU
		{8670B835-26C3-4566-AEFA-B3600B2ECDB4}.AppStore|iPhoneSimulator.Build.0 = Release|Any CPU
		{8670B835-26C3-4566-AEFA-B3600B2ECDB4}.AppStore|x64.ActiveCfg = Release|Any CPU
		{8670B835-26C3-4566-AEFA-B3600B2ECDB4}.AppStore|x64.Build.0 = Release|Any CPU
		{8670B835-26C3-4566-AEFA-B3600B2ECDB4}.AppStore|x86.ActiveCfg = Release|Any CPU
		{8670B835-26C3-4566-AEFA-B3600B2ECDB4}.AppStore|x86.Build.0 = Release|Any CPU
		{8670B835-26C3-4566-AEFA-B3600B2ECDB4}.Debug|Any CPU.ActiveCfg = Debug|Any CPU
		{8670B835-26C3-4566-AEFA-B3600B2ECDB4}.Debug|Any CPU.Build.0 = Debug|Any CPU
		{8670B835-26C3-4566-AEFA-B3600B2ECDB4}.Debug|ARM.ActiveCfg = Debug|Any CPU
		{8670B835-26C3-4566-AEFA-B3600B2ECDB4}.Debug|ARM.Build.0 = Debug|Any CPU
		{8670B835-26C3-4566-AEFA-B3600B2ECDB4}.Debug|iPhone.ActiveCfg = Debug|Any CPU
		{8670B835-26C3-4566-AEFA-B3600B2ECDB4}.Debug|iPhone.Build.0 = Debug|Any CPU
		{8670B835-26C3-4566-AEFA-B3600B2ECDB4}.Debug|iPhoneSimulator.ActiveCfg = Debug|Any CPU
		{8670B835-26C3-4566-AEFA-B3600B2ECDB4}.Debug|iPhoneSimulator.Build.0 = Debug|Any CPU
		{8670B835-26C3-4566-AEFA-B3600B2ECDB4}.Debug|x64.ActiveCfg = Debug|Any CPU
		{8670B835-26C3-4566-AEFA-B3600B2ECDB4}.Debug|x64.Build.0 = Debug|Any CPU
		{8670B835-26C3-4566-AEFA-B3600B2ECDB4}.Debug|x86.ActiveCfg = Debug|Any CPU
		{8670B835-26C3-4566-AEFA-B3600B2ECDB4}.Debug|x86.Build.0 = Debug|Any CPU
		{8670B835-26C3-4566-AEFA-B3600B2ECDB4}.Release|Any CPU.ActiveCfg = Release|Any CPU
		{8670B835-26C3-4566-AEFA-B3600B2ECDB4}.Release|Any CPU.Build.0 = Release|Any CPU
		{8670B835-26C3-4566-AEFA-B3600B2ECDB4}.Release|ARM.ActiveCfg = Release|Any CPU
		{8670B835-26C3-4566-AEFA-B3600B2ECDB4}.Release|ARM.Build.0 = Release|Any CPU
		{8670B835-26C3-4566-AEFA-B3600B2ECDB4}.Release|iPhone.ActiveCfg = Release|Any CPU
		{8670B835-26C3-4566-AEFA-B3600B2ECDB4}.Release|iPhone.Build.0 = Release|Any CPU
		{8670B835-26C3-4566-AEFA-B3600B2ECDB4}.Release|iPhoneSimulator.ActiveCfg = Release|Any CPU
		{8670B835-26C3-4566-AEFA-B3600B2ECDB4}.Release|iPhoneSimulator.Build.0 = Release|Any CPU
		{8670B835-26C3-4566-AEFA-B3600B2ECDB4}.Release|x64.ActiveCfg = Release|Any CPU
		{8670B835-26C3-4566-AEFA-B3600B2ECDB4}.Release|x64.Build.0 = Release|Any CPU
		{8670B835-26C3-4566-AEFA-B3600B2ECDB4}.Release|x86.ActiveCfg = Release|Any CPU
		{8670B835-26C3-4566-AEFA-B3600B2ECDB4}.Release|x86.Build.0 = Release|Any CPU
	EndGlobalSection
	GlobalSection(SolutionProperties) = preSolution
		HideSolutionNode = FALSE
	EndGlobalSection
EndGlobal
